{
  "version": 4,
  "terraform_version": "0.12.24",
  "serial": 177,
  "lineage": "deec8a24-2c17-0f1a-fcdb-f41e0a0a2aa4",
  "outputs": {
    "workers_asg_arns": {
      "value": "arn:aws:autoscaling:us-east-2:213543331564:autoScalingGroup:fa1a3c5b-372d-445f-aaff-ab1f53b91f3c:autoScalingGroupName/my-eks-cluster-02020081411393856440000000d",
      "type": "string"
    }
  },
  "resources": [
    {
      "module": "module.my-cluster",
      "mode": "data",
      "type": "aws_ami",
      "name": "eks_worker",
      "provider": "provider.aws",
      "instances": [
        {
          "schema_version": 0,
          "attributes": {
            "architecture": "x86_64",
            "arn": "arn:aws:ec2:us-east-2::image/ami-04cab20cf4ae39867",
            "block_device_mappings": [
              {
                "device_name": "/dev/xvda",
                "ebs": {
                  "delete_on_termination": "true",
                  "encrypted": "false",
                  "iops": "0",
                  "snapshot_id": "snap-0280cabb8b74eb049",
                  "volume_size": "20",
                  "volume_type": "gp2"
                },
                "no_device": "",
                "virtual_name": ""
              }
            ],
            "creation_date": "2020-07-24T02:12:13.000Z",
            "description": "EKS Kubernetes Worker AMI with AmazonLinux2 image, (k8s: 1.16.13, docker:19.03.6ce-4.amzn2)",
            "executable_users": null,
            "filter": [
              {
                "name": "name",
                "values": [
                  "amazon-eks-node-1.16-v*"
                ]
              }
            ],
            "hypervisor": "xen",
            "id": "ami-04cab20cf4ae39867",
            "image_id": "ami-04cab20cf4ae39867",
            "image_location": "amazon/amazon-eks-node-1.16-v20200723",
            "image_owner_alias": "amazon",
            "image_type": "machine",
            "kernel_id": null,
            "most_recent": true,
            "name": "amazon-eks-node-1.16-v20200723",
            "name_regex": null,
            "owner_id": "602401143452",
            "owners": [
              "602401143452"
            ],
            "platform": null,
            "product_codes": [],
            "public": true,
            "ramdisk_id": null,
            "root_device_name": "/dev/xvda",
            "root_device_type": "ebs",
            "root_snapshot_id": "snap-0280cabb8b74eb049",
            "sriov_net_support": "simple",
            "state": "available",
            "state_reason": {
              "code": "UNSET",
              "message": "UNSET"
            },
            "tags": {},
            "virtualization_type": "hvm"
          }
        }
      ]
    },
    {
      "module": "module.my-cluster",
      "mode": "data",
      "type": "aws_ami",
      "name": "eks_worker_windows",
      "provider": "provider.aws",
      "instances": [
        {
          "schema_version": 0,
          "attributes": {
            "architecture": "x86_64",
            "arn": "arn:aws:ec2:us-east-2::image/ami-0bd989755b8b472c2",
            "block_device_mappings": [
              {
                "device_name": "/dev/sda1",
                "ebs": {
                  "delete_on_termination": "true",
                  "encrypted": "false",
                  "iops": "0",
                  "snapshot_id": "snap-0753fb69b1726b68d",
                  "volume_size": "50",
                  "volume_type": "gp2"
                },
                "no_device": "",
                "virtual_name": ""
              },
              {
                "device_name": "xvdca",
                "ebs": {},
                "no_device": "",
                "virtual_name": "ephemeral0"
              },
              {
                "device_name": "xvdcb",
                "ebs": {},
                "no_device": "",
                "virtual_name": "ephemeral1"
              },
              {
                "device_name": "xvdcc",
                "ebs": {},
                "no_device": "",
                "virtual_name": "ephemeral2"
              },
              {
                "device_name": "xvdcd",
                "ebs": {},
                "no_device": "",
                "virtual_name": "ephemeral3"
              },
              {
                "device_name": "xvdce",
                "ebs": {},
                "no_device": "",
                "virtual_name": "ephemeral4"
              },
              {
                "device_name": "xvdcf",
                "ebs": {},
                "no_device": "",
                "virtual_name": "ephemeral5"
              },
              {
                "device_name": "xvdcg",
                "ebs": {},
                "no_device": "",
                "virtual_name": "ephemeral6"
              },
              {
                "device_name": "xvdch",
                "ebs": {},
                "no_device": "",
                "virtual_name": "ephemeral7"
              },
              {
                "device_name": "xvdci",
                "ebs": {},
                "no_device": "",
                "virtual_name": "ephemeral8"
              },
              {
                "device_name": "xvdcj",
                "ebs": {},
                "no_device": "",
                "virtual_name": "ephemeral9"
              },
              {
                "device_name": "xvdck",
                "ebs": {},
                "no_device": "",
                "virtual_name": "ephemeral10"
              },
              {
                "device_name": "xvdcl",
                "ebs": {},
                "no_device": "",
                "virtual_name": "ephemeral11"
              },
              {
                "device_name": "xvdcm",
                "ebs": {},
                "no_device": "",
                "virtual_name": "ephemeral12"
              },
              {
                "device_name": "xvdcn",
                "ebs": {},
                "no_device": "",
                "virtual_name": "ephemeral13"
              },
              {
                "device_name": "xvdco",
                "ebs": {},
                "no_device": "",
                "virtual_name": "ephemeral14"
              },
              {
                "device_name": "xvdcp",
                "ebs": {},
                "no_device": "",
                "virtual_name": "ephemeral15"
              },
              {
                "device_name": "xvdcq",
                "ebs": {},
                "no_device": "",
                "virtual_name": "ephemeral16"
              },
              {
                "device_name": "xvdcr",
                "ebs": {},
                "no_device": "",
                "virtual_name": "ephemeral17"
              },
              {
                "device_name": "xvdcs",
                "ebs": {},
                "no_device": "",
                "virtual_name": "ephemeral18"
              },
              {
                "device_name": "xvdct",
                "ebs": {},
                "no_device": "",
                "virtual_name": "ephemeral19"
              },
              {
                "device_name": "xvdcu",
                "ebs": {},
                "no_device": "",
                "virtual_name": "ephemeral20"
              },
              {
                "device_name": "xvdcv",
                "ebs": {},
                "no_device": "",
                "virtual_name": "ephemeral21"
              },
              {
                "device_name": "xvdcw",
                "ebs": {},
                "no_device": "",
                "virtual_name": "ephemeral22"
              },
              {
                "device_name": "xvdcx",
                "ebs": {},
                "no_device": "",
                "virtual_name": "ephemeral23"
              },
              {
                "device_name": "xvdcy",
                "ebs": {},
                "no_device": "",
                "virtual_name": "ephemeral24"
              },
              {
                "device_name": "xvdcz",
                "ebs": {},
                "no_device": "",
                "virtual_name": "ephemeral25"
              }
            ],
            "creation_date": "2020-07-15T08:51:46.000Z",
            "description": "Microsoft Windows Server 2019 Core optimized for EKS and provided by Amazon",
            "executable_users": null,
            "filter": [
              {
                "name": "name",
                "values": [
                  "Windows_Server-2019-English-Core-EKS_Optimized-1.16-*"
                ]
              },
              {
                "name": "platform",
                "values": [
                  "windows"
                ]
              }
            ],
            "hypervisor": "xen",
            "id": "ami-0bd989755b8b472c2",
            "image_id": "ami-0bd989755b8b472c2",
            "image_location": "amazon/Windows_Server-2019-English-Core-EKS_Optimized-1.16-2020.07.15",
            "image_owner_alias": "amazon",
            "image_type": "machine",
            "kernel_id": null,
            "most_recent": true,
            "name": "Windows_Server-2019-English-Core-EKS_Optimized-1.16-2020.07.15",
            "name_regex": null,
            "owner_id": "801119661308",
            "owners": [
              "801119661308"
            ],
            "platform": "windows",
            "product_codes": [],
            "public": true,
            "ramdisk_id": null,
            "root_device_name": "/dev/sda1",
            "root_device_type": "ebs",
            "root_snapshot_id": "snap-0753fb69b1726b68d",
            "sriov_net_support": "simple",
            "state": "available",
            "state_reason": {
              "code": "UNSET",
              "message": "UNSET"
            },
            "tags": {},
            "virtualization_type": "hvm"
          }
        }
      ]
    },
    {
      "module": "module.my-cluster",
      "mode": "data",
      "type": "aws_caller_identity",
      "name": "current",
      "provider": "provider.aws",
      "instances": [
        {
          "schema_version": 0,
          "attributes": {
            "account_id": "213543331564",
            "arn": "arn:aws:iam::213543331564:root",
            "id": "2020-08-14 11:45:27.2997341 +0000 UTC",
            "user_id": "213543331564"
          }
        }
      ]
    },
    {
      "mode": "data",
      "type": "aws_eks_cluster",
      "name": "cluster",
      "provider": "provider.aws",
      "instances": [
        {
          "schema_version": 0,
          "attributes": {
            "arn": "arn:aws:eks:us-east-2:213543331564:cluster/my-eks-cluster",
            "certificate_authority": [
              {
                "data": "LS0tLS1CRUdJTiBDRVJUSUZJQ0FURS0tLS0tCk1JSUN5RENDQWJDZ0F3SUJBZ0lCQURBTkJna3Foa2lHOXcwQkFRc0ZBREFWTVJNd0VRWURWUVFERXdwcmRXSmwKY201bGRHVnpNQjRYRFRJd01EZ3hOREV4TXpRd01sb1hEVE13TURneE1qRXhNelF3TWxvd0ZURVRNQkVHQTFVRQpBeE1LYTNWaVpYSnVaWFJsY3pDQ0FTSXdEUVlKS29aSWh2Y05BUUVCQlFBRGdnRVBBRENDQVFvQ2dnRUJBTlpDCkxHNWZ6bC9GTzFRNzFCaFNtZFplMEtDUzRweC85Yno2QzllMjJDNTNIV0xNS2Z2bGowdWhoUkM1TGMvWEVJVDcKSnVwWmpCY3l2ZHQxem82aExuNmUzeTI4Umx5YWQzSzRPd1l1aFl1ZE1Ma2d1WEJHSnZ3Ylo4azJKaEVBdC9VRQp0MXlmVUVjc3paa1pCKzc5RlJjMWtFa3gwRHlyZXZ4T2ZMY05JSW9QUzZWQmtWQm44OFVYUGlwVWR1eFR6aWE4ClE5S1dMTko2cVpscjVYemRhdkdqVVZDL2UxTldITTZUWjJQS2c4M1FLUUJqS2NsbXkrMmV3YUZ2VmhlRDZYZEsKMmV0OFlDd2lIOFRpSG5PTDVsQXA4dzExSFRFY0FRUU5JZy9UK090SmVOWmdGaFFiYzJYVHFBdVlIOHVYMUxtMQo0dVNleFJMWXJvWUh4VmorSC9FQ0F3RUFBYU1qTUNFd0RnWURWUjBQQVFIL0JBUURBZ0trTUE4R0ExVWRFd0VCCi93UUZNQU1CQWY4d0RRWUpLb1pJaHZjTkFRRUxCUUFEZ2dFQkFJNUdZbHE4R20yODdEUXhpN3BXaU9JZmt1MzgKcTEyMklybGpIc2l1NW5aeVdwY0FWUXFvdiszdmI3aDBRR1VvOHkrNDZpTm8yOExZcVlQRExzSThMVnFXRTU0TQppbHNQdkEzYks5a25vNGZPMzk2anU1QVQwYW5VQ1dkRHNTVFRXN25SeHd0OEtUcnFnd3JTUnRMSW9rTnJJOGN4CklQSlN2WmtEc2ZWdU1DUVFNTVJWV2tMaWEraXhKcVhscGlUUkVZdjdiZDhhMjBkRUNCRGpkT1djSTA2UjAvbEMKaWxhR1NSZjd0SUw1ajFXRlJQL0U2YzY4TktOZXdwT2FmWG9yRWVJS3NCRncyWlFVM2JWNmlpWXp4M0lVZmtYbApka0lYenJtTUR2QW5RM1Nnbzg4cXF2Rm5IU0VLSmw3U2NmUmF2ampTR3A2L3AwQUJNOXhxaHp4M3NyOD0KLS0tLS1FTkQgQ0VSVElGSUNBVEUtLS0tLQo="
              }
            ],
            "created_at": "2020-08-14 11:26:15 +0000 UTC",
            "enabled_cluster_log_types": [],
            "endpoint": "https://E3D16463E4BA137B4A34A8138326DF0F.gr7.us-east-2.eks.amazonaws.com",
            "id": "my-eks-cluster",
            "identity": [
              {
                "oidc": [
                  {
                    "issuer": "https://oidc.eks.us-east-2.amazonaws.com/id/E3D16463E4BA137B4A34A8138326DF0F"
                  }
                ]
              }
            ],
            "name": "my-eks-cluster",
            "platform_version": "eks.3",
            "role_arn": "arn:aws:iam::213543331564:role/my-eks-cluster20200814112536382800000003",
            "status": "ACTIVE",
            "tags": {},
            "version": "1.16",
            "vpc_config": [
              {
                "cluster_security_group_id": "sg-0e219a1dca206c9ab",
                "endpoint_private_access": false,
                "endpoint_public_access": true,
                "public_access_cidrs": [
                  "0.0.0.0/0"
                ],
                "security_group_ids": [
                  "sg-0aff29a9f6f4526cb"
                ],
                "subnet_ids": [
                  "subnet-1639f27d",
                  "subnet-3540404f",
                  "subnet-e17d15ad"
                ],
                "vpc_id": "vpc-d362c1b8"
              }
            ]
          }
        }
      ]
    },
    {
      "mode": "data",
      "type": "aws_eks_cluster_auth",
      "name": "cluster",
      "provider": "provider.aws",
      "instances": [
        {
          "schema_version": 0,
          "attributes": {
            "id": "2020-08-14 11:45:30.6024352 +0000 UTC",
            "name": "my-eks-cluster",
            "token": "k8s-aws-v1.aHR0cHM6Ly9zdHMuYW1hem9uYXdzLmNvbS8_QWN0aW9uPUdldENhbGxlcklkZW50aXR5JlZlcnNpb249MjAxMS0wNi0xNSZYLUFtei1BbGdvcml0aG09QVdTNC1ITUFDLVNIQTI1NiZYLUFtei1DcmVkZW50aWFsPUFLSUFJRUJBRTVSN01FTk5SV0pBJTJGMjAyMDA4MTQlMkZ1cy1lYXN0LTElMkZzdHMlMkZhd3M0X3JlcXVlc3QmWC1BbXotRGF0ZT0yMDIwMDgxNFQxMTQ1MzBaJlgtQW16LUV4cGlyZXM9MCZYLUFtei1TaWduZWRIZWFkZXJzPWhvc3QlM0J4LWs4cy1hd3MtaWQmWC1BbXotU2lnbmF0dXJlPWUxYjg2ZDI0YzFlOWE2MTFmNzJjYThhMzVhY2QxNzkzMTc0NTk1NzAwNTdlNDE2MjhkNjQ5NGQzYjg2MDA4ZjI"
          }
        }
      ]
    },
    {
      "module": "module.my-cluster",
      "mode": "data",
      "type": "aws_iam_instance_profile",
      "name": "custom_worker_group_iam_instance_profile",
      "each": "list",
      "provider": "provider.aws",
      "instances": []
    },
    {
      "module": "module.my-cluster",
      "mode": "data",
      "type": "aws_iam_instance_profile",
      "name": "custom_worker_group_launch_template_iam_instance_profile",
      "each": "list",
      "provider": "provider.aws",
      "instances": []
    },
    {
      "module": "module.my-cluster",
      "mode": "data",
      "type": "aws_iam_policy_document",
      "name": "cluster_assume_role_policy",
      "provider": "provider.aws",
      "instances": [
        {
          "schema_version": 0,
          "attributes": {
            "id": "2764486067",
            "json": "{\n  \"Version\": \"2012-10-17\",\n  \"Statement\": [\n    {\n      \"Sid\": \"EKSClusterAssumeRole\",\n      \"Effect\": \"Allow\",\n      \"Action\": \"sts:AssumeRole\",\n      \"Principal\": {\n        \"Service\": \"eks.amazonaws.com\"\n      }\n    }\n  ]\n}",
            "override_json": null,
            "policy_id": null,
            "source_json": null,
            "statement": [
              {
                "actions": [
                  "sts:AssumeRole"
                ],
                "condition": [],
                "effect": "Allow",
                "not_actions": [],
                "not_principals": [],
                "not_resources": [],
                "principals": [
                  {
                    "identifiers": [
                      "eks.amazonaws.com"
                    ],
                    "type": "Service"
                  }
                ],
                "resources": [],
                "sid": "EKSClusterAssumeRole"
              }
            ],
            "version": "2012-10-17"
          }
        }
      ]
    },
    {
      "module": "module.my-cluster",
      "mode": "data",
      "type": "aws_iam_policy_document",
      "name": "cluster_elb_sl_role_creation",
      "each": "list",
      "provider": "provider.aws",
      "instances": [
        {
          "index_key": 0,
          "schema_version": 0,
          "attributes": {
            "id": "3407219844",
            "json": "{\n  \"Version\": \"2012-10-17\",\n  \"Statement\": [\n    {\n      \"Sid\": \"\",\n      \"Effect\": \"Allow\",\n      \"Action\": [\n        \"ec2:DescribeInternetGateways\",\n        \"ec2:DescribeAccountAttributes\"\n      ],\n      \"Resource\": \"*\"\n    }\n  ]\n}",
            "override_json": null,
            "policy_id": null,
            "source_json": null,
            "statement": [
              {
                "actions": [
                  "ec2:DescribeAccountAttributes",
                  "ec2:DescribeInternetGateways"
                ],
                "condition": [],
                "effect": "Allow",
                "not_actions": [],
                "not_principals": [],
                "not_resources": [],
                "principals": [],
                "resources": [
                  "*"
                ],
                "sid": ""
              }
            ],
            "version": "2012-10-17"
          }
        }
      ]
    },
    {
      "module": "module.my-cluster",
      "mode": "data",
      "type": "aws_iam_policy_document",
      "name": "workers_assume_role_policy",
      "provider": "provider.aws",
      "instances": [
        {
          "schema_version": 0,
          "attributes": {
            "id": "3778018924",
            "json": "{\n  \"Version\": \"2012-10-17\",\n  \"Statement\": [\n    {\n      \"Sid\": \"EKSWorkerAssumeRole\",\n      \"Effect\": \"Allow\",\n      \"Action\": \"sts:AssumeRole\",\n      \"Principal\": {\n        \"Service\": \"ec2.amazonaws.com\"\n      }\n    }\n  ]\n}",
            "override_json": null,
            "policy_id": null,
            "source_json": null,
            "statement": [
              {
                "actions": [
                  "sts:AssumeRole"
                ],
                "condition": [],
                "effect": "Allow",
                "not_actions": [],
                "not_principals": [],
                "not_resources": [],
                "principals": [
                  {
                    "identifiers": [
                      "ec2.amazonaws.com"
                    ],
                    "type": "Service"
                  }
                ],
                "resources": [],
                "sid": "EKSWorkerAssumeRole"
              }
            ],
            "version": "2012-10-17"
          }
        }
      ]
    },
    {
      "module": "module.my-cluster",
      "mode": "data",
      "type": "aws_iam_role",
      "name": "custom_cluster_iam_role",
      "each": "list",
      "provider": "provider.aws",
      "instances": []
    },
    {
      "module": "module.my-cluster",
      "mode": "data",
      "type": "aws_partition",
      "name": "current",
      "provider": "provider.aws",
      "instances": [
        {
          "schema_version": 0,
          "attributes": {
            "dns_suffix": "amazonaws.com",
            "id": "2020-08-14 11:45:25.6904294 +0000 UTC",
            "partition": "aws"
          }
        }
      ]
    },
    {
      "module": "module.my-cluster",
      "mode": "data",
      "type": "template_file",
      "name": "launch_template_userdata",
      "each": "list",
      "provider": "provider.template",
      "instances": []
    },
    {
      "module": "module.my-cluster",
      "mode": "data",
      "type": "template_file",
      "name": "userdata",
      "each": "list",
      "provider": "provider.template",
      "instances": [
        {
          "index_key": 0,
          "schema_version": 0,
          "attributes": {
            "filename": null,
            "id": "58f8ae4f751a6ecc2c810750c9774248dc0af70bcfcdfc6a2d0d9c3e8c8509be",
            "rendered": "#!/bin/bash -xe\n\n# Allow user supplied pre userdata code\n\n\n# Bootstrap and join the cluster\n/etc/eks/bootstrap.sh --b64-cluster-ca 'LS0tLS1CRUdJTiBDRVJUSUZJQ0FURS0tLS0tCk1JSUN5RENDQWJDZ0F3SUJBZ0lCQURBTkJna3Foa2lHOXcwQkFRc0ZBREFWTVJNd0VRWURWUVFERXdwcmRXSmwKY201bGRHVnpNQjRYRFRJd01EZ3hOREV4TXpRd01sb1hEVE13TURneE1qRXhNelF3TWxvd0ZURVRNQkVHQTFVRQpBeE1LYTNWaVpYSnVaWFJsY3pDQ0FTSXdEUVlKS29aSWh2Y05BUUVCQlFBRGdnRVBBRENDQVFvQ2dnRUJBTlpDCkxHNWZ6bC9GTzFRNzFCaFNtZFplMEtDUzRweC85Yno2QzllMjJDNTNIV0xNS2Z2bGowdWhoUkM1TGMvWEVJVDcKSnVwWmpCY3l2ZHQxem82aExuNmUzeTI4Umx5YWQzSzRPd1l1aFl1ZE1Ma2d1WEJHSnZ3Ylo4azJKaEVBdC9VRQp0MXlmVUVjc3paa1pCKzc5RlJjMWtFa3gwRHlyZXZ4T2ZMY05JSW9QUzZWQmtWQm44OFVYUGlwVWR1eFR6aWE4ClE5S1dMTko2cVpscjVYemRhdkdqVVZDL2UxTldITTZUWjJQS2c4M1FLUUJqS2NsbXkrMmV3YUZ2VmhlRDZYZEsKMmV0OFlDd2lIOFRpSG5PTDVsQXA4dzExSFRFY0FRUU5JZy9UK090SmVOWmdGaFFiYzJYVHFBdVlIOHVYMUxtMQo0dVNleFJMWXJvWUh4VmorSC9FQ0F3RUFBYU1qTUNFd0RnWURWUjBQQVFIL0JBUURBZ0trTUE4R0ExVWRFd0VCCi93UUZNQU1CQWY4d0RRWUpLb1pJaHZjTkFRRUxCUUFEZ2dFQkFJNUdZbHE4R20yODdEUXhpN3BXaU9JZmt1MzgKcTEyMklybGpIc2l1NW5aeVdwY0FWUXFvdiszdmI3aDBRR1VvOHkrNDZpTm8yOExZcVlQRExzSThMVnFXRTU0TQppbHNQdkEzYks5a25vNGZPMzk2anU1QVQwYW5VQ1dkRHNTVFRXN25SeHd0OEtUcnFnd3JTUnRMSW9rTnJJOGN4CklQSlN2WmtEc2ZWdU1DUVFNTVJWV2tMaWEraXhKcVhscGlUUkVZdjdiZDhhMjBkRUNCRGpkT1djSTA2UjAvbEMKaWxhR1NSZjd0SUw1ajFXRlJQL0U2YzY4TktOZXdwT2FmWG9yRWVJS3NCRncyWlFVM2JWNmlpWXp4M0lVZmtYbApka0lYenJtTUR2QW5RM1Nnbzg4cXF2Rm5IU0VLSmw3U2NmUmF2ampTR3A2L3AwQUJNOXhxaHp4M3NyOD0KLS0tLS1FTkQgQ0VSVElGSUNBVEUtLS0tLQo=' --apiserver-endpoint 'https://E3D16463E4BA137B4A34A8138326DF0F.gr7.us-east-2.eks.amazonaws.com'  --kubelet-extra-args \"\" 'my-eks-cluster'\n\n# Allow user supplied userdata code\n\n",
            "template": "#!/bin/bash -xe\n\n# Allow user supplied pre userdata code\n${pre_userdata}\n\n# Bootstrap and join the cluster\n/etc/eks/bootstrap.sh --b64-cluster-ca '${cluster_auth_base64}' --apiserver-endpoint '${endpoint}' ${bootstrap_extra_args} --kubelet-extra-args \"${kubelet_extra_args}\" '${cluster_name}'\n\n# Allow user supplied userdata code\n${additional_userdata}\n",
            "vars": {
              "additional_userdata": "",
              "bootstrap_extra_args": "",
              "cluster_auth_base64": "LS0tLS1CRUdJTiBDRVJUSUZJQ0FURS0tLS0tCk1JSUN5RENDQWJDZ0F3SUJBZ0lCQURBTkJna3Foa2lHOXcwQkFRc0ZBREFWTVJNd0VRWURWUVFERXdwcmRXSmwKY201bGRHVnpNQjRYRFRJd01EZ3hOREV4TXpRd01sb1hEVE13TURneE1qRXhNelF3TWxvd0ZURVRNQkVHQTFVRQpBeE1LYTNWaVpYSnVaWFJsY3pDQ0FTSXdEUVlKS29aSWh2Y05BUUVCQlFBRGdnRVBBRENDQVFvQ2dnRUJBTlpDCkxHNWZ6bC9GTzFRNzFCaFNtZFplMEtDUzRweC85Yno2QzllMjJDNTNIV0xNS2Z2bGowdWhoUkM1TGMvWEVJVDcKSnVwWmpCY3l2ZHQxem82aExuNmUzeTI4Umx5YWQzSzRPd1l1aFl1ZE1Ma2d1WEJHSnZ3Ylo4azJKaEVBdC9VRQp0MXlmVUVjc3paa1pCKzc5RlJjMWtFa3gwRHlyZXZ4T2ZMY05JSW9QUzZWQmtWQm44OFVYUGlwVWR1eFR6aWE4ClE5S1dMTko2cVpscjVYemRhdkdqVVZDL2UxTldITTZUWjJQS2c4M1FLUUJqS2NsbXkrMmV3YUZ2VmhlRDZYZEsKMmV0OFlDd2lIOFRpSG5PTDVsQXA4dzExSFRFY0FRUU5JZy9UK090SmVOWmdGaFFiYzJYVHFBdVlIOHVYMUxtMQo0dVNleFJMWXJvWUh4VmorSC9FQ0F3RUFBYU1qTUNFd0RnWURWUjBQQVFIL0JBUURBZ0trTUE4R0ExVWRFd0VCCi93UUZNQU1CQWY4d0RRWUpLb1pJaHZjTkFRRUxCUUFEZ2dFQkFJNUdZbHE4R20yODdEUXhpN3BXaU9JZmt1MzgKcTEyMklybGpIc2l1NW5aeVdwY0FWUXFvdiszdmI3aDBRR1VvOHkrNDZpTm8yOExZcVlQRExzSThMVnFXRTU0TQppbHNQdkEzYks5a25vNGZPMzk2anU1QVQwYW5VQ1dkRHNTVFRXN25SeHd0OEtUcnFnd3JTUnRMSW9rTnJJOGN4CklQSlN2WmtEc2ZWdU1DUVFNTVJWV2tMaWEraXhKcVhscGlUUkVZdjdiZDhhMjBkRUNCRGpkT1djSTA2UjAvbEMKaWxhR1NSZjd0SUw1ajFXRlJQL0U2YzY4TktOZXdwT2FmWG9yRWVJS3NCRncyWlFVM2JWNmlpWXp4M0lVZmtYbApka0lYenJtTUR2QW5RM1Nnbzg4cXF2Rm5IU0VLSmw3U2NmUmF2ampTR3A2L3AwQUJNOXhxaHp4M3NyOD0KLS0tLS1FTkQgQ0VSVElGSUNBVEUtLS0tLQo=",
              "cluster_name": "my-eks-cluster",
              "endpoint": "https://E3D16463E4BA137B4A34A8138326DF0F.gr7.us-east-2.eks.amazonaws.com",
              "kubelet_extra_args": "",
              "platform": "linux",
              "pre_userdata": ""
            }
          }
        }
      ]
    },
    {
      "module": "module.my-cluster",
      "mode": "managed",
      "type": "aws_autoscaling_group",
      "name": "workers",
      "each": "list",
      "provider": "provider.aws",
      "instances": [
        {
          "index_key": 0,
          "schema_version": 0,
          "attributes": {
            "arn": "arn:aws:autoscaling:us-east-2:213543331564:autoScalingGroup:fa1a3c5b-372d-445f-aaff-ab1f53b91f3c:autoScalingGroupName/my-eks-cluster-02020081411393856440000000d",
            "availability_zones": [
              "us-east-2a",
              "us-east-2b",
              "us-east-2c"
            ],
            "default_cooldown": 300,
            "desired_capacity": 1,
            "enabled_metrics": [],
            "force_delete": false,
            "health_check_grace_period": 300,
            "health_check_type": "EC2",
            "id": "my-eks-cluster-02020081411393856440000000d",
            "initial_lifecycle_hook": [],
            "launch_configuration": "my-eks-cluster-02020081411391914420000000c",
            "launch_template": [],
            "load_balancers": [],
            "max_instance_lifetime": 0,
            "max_size": 2,
            "metrics_granularity": "1Minute",
            "min_elb_capacity": null,
            "min_size": 1,
            "mixed_instances_policy": [],
            "name": "my-eks-cluster-02020081411393856440000000d",
            "name_prefix": "my-eks-cluster-0",
            "placement_group": "",
            "protect_from_scale_in": false,
            "service_linked_role_arn": "arn:aws:iam::213543331564:role/aws-service-role/autoscaling.amazonaws.com/AWSServiceRoleForAutoScaling",
            "suspended_processes": [
              "AZRebalance"
            ],
            "tag": [],
            "tags": [
              {
                "key": "Name",
                "propagate_at_launch": "true",
                "value": "my-eks-cluster-0-eks_asg"
              },
              {
                "key": "k8s.io/cluster/my-eks-cluster",
                "propagate_at_launch": "true",
                "value": "owned"
              },
              {
                "key": "kubernetes.io/cluster/my-eks-cluster",
                "propagate_at_launch": "true",
                "value": "owned"
              }
            ],
            "target_group_arns": [],
            "termination_policies": [],
            "timeouts": null,
            "vpc_zone_identifier": [
              "subnet-1639f27d",
              "subnet-3540404f",
              "subnet-e17d15ad"
            ],
            "wait_for_capacity_timeout": "10m",
            "wait_for_elb_capacity": null
          },
          "private": "eyJlMmJmYjczMC1lY2FhLTExZTYtOGY4OC0zNDM2M2JjN2M0YzAiOnsiZGVsZXRlIjo2MDAwMDAwMDAwMDB9fQ==",
          "dependencies": [
            "module.my-cluster.aws_cloudwatch_log_group.this",
            "module.my-cluster.aws_eks_cluster.this",
            "module.my-cluster.aws_iam_instance_profile.workers",
            "module.my-cluster.aws_iam_role.cluster",
            "module.my-cluster.aws_iam_role.workers",
            "module.my-cluster.aws_iam_role_policy_attachment.cluster_AmazonEKSClusterPolicy",
            "module.my-cluster.aws_iam_role_policy_attachment.cluster_AmazonEKSServicePolicy",
            "module.my-cluster.aws_iam_role_policy_attachment.workers_AmazonEC2ContainerRegistryReadOnly",
            "module.my-cluster.aws_iam_role_policy_attachment.workers_AmazonEKSWorkerNodePolicy",
            "module.my-cluster.aws_iam_role_policy_attachment.workers_AmazonEKS_CNI_Policy",
            "module.my-cluster.aws_iam_role_policy_attachment.workers_additional_policies",
            "module.my-cluster.aws_launch_configuration.workers",
            "module.my-cluster.aws_security_group.cluster",
            "module.my-cluster.aws_security_group.workers",
            "module.my-cluster.aws_security_group_rule.cluster_egress_internet",
            "module.my-cluster.aws_security_group_rule.cluster_https_worker_ingress",
            "module.my-cluster.aws_security_group_rule.cluster_primary_ingress_workers",
            "module.my-cluster.aws_security_group_rule.workers_egress_internet",
            "module.my-cluster.aws_security_group_rule.workers_ingress_cluster",
            "module.my-cluster.aws_security_group_rule.workers_ingress_cluster_https",
            "module.my-cluster.aws_security_group_rule.workers_ingress_cluster_kubelet",
            "module.my-cluster.aws_security_group_rule.workers_ingress_cluster_primary",
            "module.my-cluster.aws_security_group_rule.workers_ingress_self",
            "module.my-cluster.random_pet.workers"
          ]
        }
      ]
    },
    {
      "module": "module.my-cluster",
      "mode": "managed",
      "type": "aws_autoscaling_group",
      "name": "workers_launch_template",
      "each": "list",
      "provider": "provider.aws",
      "instances": []
    },
    {
      "module": "module.my-cluster",
      "mode": "managed",
      "type": "aws_cloudwatch_log_group",
      "name": "this",
      "each": "list",
      "provider": "provider.aws",
      "instances": []
    },
    {
      "module": "module.my-cluster",
      "mode": "managed",
      "type": "aws_eks_cluster",
      "name": "this",
      "each": "list",
      "provider": "provider.aws",
      "instances": [
        {
          "index_key": 0,
          "schema_version": 0,
          "attributes": {
            "arn": "arn:aws:eks:us-east-2:213543331564:cluster/my-eks-cluster",
            "certificate_authority": [
              {
                "data": "LS0tLS1CRUdJTiBDRVJUSUZJQ0FURS0tLS0tCk1JSUN5RENDQWJDZ0F3SUJBZ0lCQURBTkJna3Foa2lHOXcwQkFRc0ZBREFWTVJNd0VRWURWUVFERXdwcmRXSmwKY201bGRHVnpNQjRYRFRJd01EZ3hOREV4TXpRd01sb1hEVE13TURneE1qRXhNelF3TWxvd0ZURVRNQkVHQTFVRQpBeE1LYTNWaVpYSnVaWFJsY3pDQ0FTSXdEUVlKS29aSWh2Y05BUUVCQlFBRGdnRVBBRENDQVFvQ2dnRUJBTlpDCkxHNWZ6bC9GTzFRNzFCaFNtZFplMEtDUzRweC85Yno2QzllMjJDNTNIV0xNS2Z2bGowdWhoUkM1TGMvWEVJVDcKSnVwWmpCY3l2ZHQxem82aExuNmUzeTI4Umx5YWQzSzRPd1l1aFl1ZE1Ma2d1WEJHSnZ3Ylo4azJKaEVBdC9VRQp0MXlmVUVjc3paa1pCKzc5RlJjMWtFa3gwRHlyZXZ4T2ZMY05JSW9QUzZWQmtWQm44OFVYUGlwVWR1eFR6aWE4ClE5S1dMTko2cVpscjVYemRhdkdqVVZDL2UxTldITTZUWjJQS2c4M1FLUUJqS2NsbXkrMmV3YUZ2VmhlRDZYZEsKMmV0OFlDd2lIOFRpSG5PTDVsQXA4dzExSFRFY0FRUU5JZy9UK090SmVOWmdGaFFiYzJYVHFBdVlIOHVYMUxtMQo0dVNleFJMWXJvWUh4VmorSC9FQ0F3RUFBYU1qTUNFd0RnWURWUjBQQVFIL0JBUURBZ0trTUE4R0ExVWRFd0VCCi93UUZNQU1CQWY4d0RRWUpLb1pJaHZjTkFRRUxCUUFEZ2dFQkFJNUdZbHE4R20yODdEUXhpN3BXaU9JZmt1MzgKcTEyMklybGpIc2l1NW5aeVdwY0FWUXFvdiszdmI3aDBRR1VvOHkrNDZpTm8yOExZcVlQRExzSThMVnFXRTU0TQppbHNQdkEzYks5a25vNGZPMzk2anU1QVQwYW5VQ1dkRHNTVFRXN25SeHd0OEtUcnFnd3JTUnRMSW9rTnJJOGN4CklQSlN2WmtEc2ZWdU1DUVFNTVJWV2tMaWEraXhKcVhscGlUUkVZdjdiZDhhMjBkRUNCRGpkT1djSTA2UjAvbEMKaWxhR1NSZjd0SUw1ajFXRlJQL0U2YzY4TktOZXdwT2FmWG9yRWVJS3NCRncyWlFVM2JWNmlpWXp4M0lVZmtYbApka0lYenJtTUR2QW5RM1Nnbzg4cXF2Rm5IU0VLSmw3U2NmUmF2ampTR3A2L3AwQUJNOXhxaHp4M3NyOD0KLS0tLS1FTkQgQ0VSVElGSUNBVEUtLS0tLQo="
              }
            ],
            "created_at": "2020-08-14 11:26:15 +0000 UTC",
            "enabled_cluster_log_types": [],
            "encryption_config": [],
            "endpoint": "https://E3D16463E4BA137B4A34A8138326DF0F.gr7.us-east-2.eks.amazonaws.com",
            "id": "my-eks-cluster",
            "identity": [
              {
                "oidc": [
                  {
                    "issuer": "https://oidc.eks.us-east-2.amazonaws.com/id/E3D16463E4BA137B4A34A8138326DF0F"
                  }
                ]
              }
            ],
            "name": "my-eks-cluster",
            "platform_version": "eks.3",
            "role_arn": "arn:aws:iam::213543331564:role/my-eks-cluster20200814112536382800000003",
            "status": "ACTIVE",
            "tags": {},
            "timeouts": {
              "create": "30m",
              "delete": "15m",
              "update": null
            },
            "version": "1.16",
            "vpc_config": [
              {
                "cluster_security_group_id": "sg-0e219a1dca206c9ab",
                "endpoint_private_access": false,
                "endpoint_public_access": true,
                "public_access_cidrs": [
                  "0.0.0.0/0"
                ],
                "security_group_ids": [
                  "sg-0aff29a9f6f4526cb"
                ],
                "subnet_ids": [
                  "subnet-1639f27d",
                  "subnet-3540404f",
                  "subnet-e17d15ad"
                ],
                "vpc_id": "vpc-d362c1b8"
              }
            ]
          },
          "private": "eyJlMmJmYjczMC1lY2FhLTExZTYtOGY4OC0zNDM2M2JjN2M0YzAiOnsiY3JlYXRlIjoxODAwMDAwMDAwMDAwLCJkZWxldGUiOjkwMDAwMDAwMDAwMCwidXBkYXRlIjozNjAwMDAwMDAwMDAwfX0=",
          "dependencies": [
            "module.my-cluster.aws_cloudwatch_log_group.this",
            "module.my-cluster.aws_iam_role.cluster",
            "module.my-cluster.aws_iam_role_policy_attachment.cluster_AmazonEKSClusterPolicy",
            "module.my-cluster.aws_iam_role_policy_attachment.cluster_AmazonEKSServicePolicy",
            "module.my-cluster.aws_security_group.cluster",
            "module.my-cluster.aws_security_group.workers",
            "module.my-cluster.aws_security_group_rule.cluster_egress_internet",
            "module.my-cluster.aws_security_group_rule.cluster_https_worker_ingress"
          ]
        }
      ]
    },
    {
      "module": "module.my-cluster.module.node_groups",
      "mode": "managed",
      "type": "aws_eks_node_group",
      "name": "workers",
      "each": "map",
      "provider": "provider.aws",
      "instances": []
    },
    {
      "module": "module.my-cluster",
      "mode": "managed",
      "type": "aws_iam_instance_profile",
      "name": "workers",
      "each": "list",
      "provider": "provider.aws",
      "instances": [
        {
          "index_key": 0,
          "schema_version": 0,
          "attributes": {
            "arn": "arn:aws:iam::213543331564:instance-profile/my-eks-cluster20200814113847521400000008",
            "create_date": "2020-08-14T11:38:58Z",
            "id": "my-eks-cluster20200814113847521400000008",
            "name": "my-eks-cluster20200814113847521400000008",
            "name_prefix": "my-eks-cluster",
            "path": "/",
            "role": "my-eks-cluster20200814113834242200000007",
            "roles": [
              "my-eks-cluster20200814113834242200000007"
            ],
            "unique_id": "AIPATDOBMU3WMHR4ZV5V2"
          },
          "private": "bnVsbA==",
          "dependencies": [
            "module.my-cluster.aws_cloudwatch_log_group.this",
            "module.my-cluster.aws_eks_cluster.this",
            "module.my-cluster.aws_iam_role.cluster",
            "module.my-cluster.aws_iam_role.workers",
            "module.my-cluster.aws_iam_role_policy_attachment.cluster_AmazonEKSClusterPolicy",
            "module.my-cluster.aws_iam_role_policy_attachment.cluster_AmazonEKSServicePolicy",
            "module.my-cluster.aws_security_group.cluster",
            "module.my-cluster.aws_security_group.workers",
            "module.my-cluster.aws_security_group_rule.cluster_egress_internet",
            "module.my-cluster.aws_security_group_rule.cluster_https_worker_ingress"
          ]
        }
      ]
    },
    {
      "module": "module.my-cluster",
      "mode": "managed",
      "type": "aws_iam_instance_profile",
      "name": "workers_launch_template",
      "each": "list",
      "provider": "provider.aws",
      "instances": []
    },
    {
      "module": "module.my-cluster",
      "mode": "managed",
      "type": "aws_iam_openid_connect_provider",
      "name": "oidc_provider",
      "each": "list",
      "provider": "provider.aws",
      "instances": []
    },
    {
      "module": "module.my-cluster",
      "mode": "managed",
      "type": "aws_iam_role",
      "name": "cluster",
      "each": "list",
      "provider": "provider.aws",
      "instances": [
        {
          "index_key": 0,
          "schema_version": 0,
          "attributes": {
            "arn": "arn:aws:iam::213543331564:role/my-eks-cluster20200814112536382800000003",
            "assume_role_policy": "{\"Version\":\"2012-10-17\",\"Statement\":[{\"Sid\":\"EKSClusterAssumeRole\",\"Effect\":\"Allow\",\"Principal\":{\"Service\":\"eks.amazonaws.com\"},\"Action\":\"sts:AssumeRole\"}]}",
            "create_date": "2020-08-14T11:25:38Z",
            "description": "",
            "force_detach_policies": true,
            "id": "my-eks-cluster20200814112536382800000003",
            "max_session_duration": 3600,
            "name": "my-eks-cluster20200814112536382800000003",
            "name_prefix": "my-eks-cluster",
            "path": "/",
            "permissions_boundary": null,
            "tags": {},
            "unique_id": "AROATDOBMU3WMHWTXWPPL"
          },
          "private": "bnVsbA=="
        }
      ]
    },
    {
      "module": "module.my-cluster",
      "mode": "managed",
      "type": "aws_iam_role",
      "name": "workers",
      "each": "list",
      "provider": "provider.aws",
      "instances": [
        {
          "index_key": 0,
          "schema_version": 0,
          "attributes": {
            "arn": "arn:aws:iam::213543331564:role/my-eks-cluster20200814113834242200000007",
            "assume_role_policy": "{\"Version\":\"2012-10-17\",\"Statement\":[{\"Sid\":\"EKSWorkerAssumeRole\",\"Effect\":\"Allow\",\"Principal\":{\"Service\":\"ec2.amazonaws.com\"},\"Action\":\"sts:AssumeRole\"}]}",
            "create_date": "2020-08-14T11:38:45Z",
            "description": "",
            "force_detach_policies": true,
            "id": "my-eks-cluster20200814113834242200000007",
            "max_session_duration": 3600,
            "name": "my-eks-cluster20200814113834242200000007",
            "name_prefix": "my-eks-cluster",
            "path": "/",
            "permissions_boundary": null,
            "tags": {},
            "unique_id": "AROATDOBMU3WEL4THNLGU"
          },
          "private": "bnVsbA==",
          "dependencies": [
            "module.my-cluster.aws_cloudwatch_log_group.this",
            "module.my-cluster.aws_eks_cluster.this",
            "module.my-cluster.aws_iam_role.cluster",
            "module.my-cluster.aws_iam_role_policy_attachment.cluster_AmazonEKSClusterPolicy",
            "module.my-cluster.aws_iam_role_policy_attachment.cluster_AmazonEKSServicePolicy",
            "module.my-cluster.aws_security_group.cluster",
            "module.my-cluster.aws_security_group.workers",
            "module.my-cluster.aws_security_group_rule.cluster_egress_internet",
            "module.my-cluster.aws_security_group_rule.cluster_https_worker_ingress"
          ]
        }
      ]
    },
    {
      "module": "module.my-cluster",
      "mode": "managed",
      "type": "aws_iam_role_policy",
      "name": "cluster_elb_sl_role_creation",
      "each": "list",
      "provider": "provider.aws",
      "instances": [
        {
          "index_key": 0,
          "schema_version": 0,
          "attributes": {
            "id": "my-eks-cluster20200814112536382800000003:my-eks-cluster-elb-sl-role-creation20200814112539518400000004",
            "name": "my-eks-cluster-elb-sl-role-creation20200814112539518400000004",
            "name_prefix": "my-eks-cluster-elb-sl-role-creation",
            "policy": "{\n  \"Version\": \"2012-10-17\",\n  \"Statement\": [\n    {\n      \"Sid\": \"\",\n      \"Effect\": \"Allow\",\n      \"Action\": [\n        \"ec2:DescribeInternetGateways\",\n        \"ec2:DescribeAccountAttributes\"\n      ],\n      \"Resource\": \"*\"\n    }\n  ]\n}",
            "role": "my-eks-cluster20200814112536382800000003"
          },
          "private": "bnVsbA==",
          "dependencies": [
            "module.my-cluster.aws_iam_role.cluster"
          ]
        }
      ]
    },
    {
      "module": "module.my-cluster",
      "mode": "managed",
      "type": "aws_iam_role_policy_attachment",
      "name": "cluster_AmazonEKSClusterPolicy",
      "each": "list",
      "provider": "provider.aws",
      "instances": [
        {
          "index_key": 0,
          "schema_version": 0,
          "attributes": {
            "id": "my-eks-cluster20200814112536382800000003-20200814112540823600000005",
            "policy_arn": "arn:aws:iam::aws:policy/AmazonEKSClusterPolicy",
            "role": "my-eks-cluster20200814112536382800000003"
          },
          "private": "bnVsbA==",
          "dependencies": [
            "module.my-cluster.aws_iam_role.cluster"
          ]
        }
      ]
    },
    {
      "module": "module.my-cluster",
      "mode": "managed",
      "type": "aws_iam_role_policy_attachment",
      "name": "cluster_AmazonEKSServicePolicy",
      "each": "list",
      "provider": "provider.aws",
      "instances": [
        {
          "index_key": 0,
          "schema_version": 0,
          "attributes": {
            "id": "my-eks-cluster20200814112536382800000003-20200814112540866400000006",
            "policy_arn": "arn:aws:iam::aws:policy/AmazonEKSServicePolicy",
            "role": "my-eks-cluster20200814112536382800000003"
          },
          "private": "bnVsbA==",
          "dependencies": [
            "module.my-cluster.aws_iam_role.cluster"
          ]
        }
      ]
    },
    {
      "module": "module.my-cluster",
      "mode": "managed",
      "type": "aws_iam_role_policy_attachment",
      "name": "workers_AmazonEC2ContainerRegistryReadOnly",
      "each": "list",
      "provider": "provider.aws",
      "instances": [
        {
          "index_key": 0,
          "schema_version": 0,
          "attributes": {
            "id": "my-eks-cluster20200814113834242200000007-20200814113858840900000009",
            "policy_arn": "arn:aws:iam::aws:policy/AmazonEC2ContainerRegistryReadOnly",
            "role": "my-eks-cluster20200814113834242200000007"
          },
          "private": "bnVsbA==",
          "dependencies": [
            "module.my-cluster.aws_cloudwatch_log_group.this",
            "module.my-cluster.aws_eks_cluster.this",
            "module.my-cluster.aws_iam_role.cluster",
            "module.my-cluster.aws_iam_role.workers",
            "module.my-cluster.aws_iam_role_policy_attachment.cluster_AmazonEKSClusterPolicy",
            "module.my-cluster.aws_iam_role_policy_attachment.cluster_AmazonEKSServicePolicy",
            "module.my-cluster.aws_security_group.cluster",
            "module.my-cluster.aws_security_group.workers",
            "module.my-cluster.aws_security_group_rule.cluster_egress_internet",
            "module.my-cluster.aws_security_group_rule.cluster_https_worker_ingress"
          ]
        }
      ]
    },
    {
      "module": "module.my-cluster",
      "mode": "managed",
      "type": "aws_iam_role_policy_attachment",
      "name": "workers_AmazonEKSWorkerNodePolicy",
      "each": "list",
      "provider": "provider.aws",
      "instances": [
        {
          "index_key": 0,
          "schema_version": 0,
          "attributes": {
            "id": "my-eks-cluster20200814113834242200000007-2020081411385961690000000b",
            "policy_arn": "arn:aws:iam::aws:policy/AmazonEKSWorkerNodePolicy",
            "role": "my-eks-cluster20200814113834242200000007"
          },
          "private": "bnVsbA==",
          "dependencies": [
            "module.my-cluster.aws_cloudwatch_log_group.this",
            "module.my-cluster.aws_eks_cluster.this",
            "module.my-cluster.aws_iam_role.cluster",
            "module.my-cluster.aws_iam_role.workers",
            "module.my-cluster.aws_iam_role_policy_attachment.cluster_AmazonEKSClusterPolicy",
            "module.my-cluster.aws_iam_role_policy_attachment.cluster_AmazonEKSServicePolicy",
            "module.my-cluster.aws_security_group.cluster",
            "module.my-cluster.aws_security_group.workers",
            "module.my-cluster.aws_security_group_rule.cluster_egress_internet",
            "module.my-cluster.aws_security_group_rule.cluster_https_worker_ingress"
          ]
        }
      ]
    },
    {
      "module": "module.my-cluster",
      "mode": "managed",
      "type": "aws_iam_role_policy_attachment",
      "name": "workers_AmazonEKS_CNI_Policy",
      "each": "list",
      "provider": "provider.aws",
      "instances": [
        {
          "index_key": 0,
          "schema_version": 0,
          "attributes": {
            "id": "my-eks-cluster20200814113834242200000007-2020081411385897240000000a",
            "policy_arn": "arn:aws:iam::aws:policy/AmazonEKS_CNI_Policy",
            "role": "my-eks-cluster20200814113834242200000007"
          },
          "private": "bnVsbA==",
          "dependencies": [
            "module.my-cluster.aws_cloudwatch_log_group.this",
            "module.my-cluster.aws_eks_cluster.this",
            "module.my-cluster.aws_iam_role.cluster",
            "module.my-cluster.aws_iam_role.workers",
            "module.my-cluster.aws_iam_role_policy_attachment.cluster_AmazonEKSClusterPolicy",
            "module.my-cluster.aws_iam_role_policy_attachment.cluster_AmazonEKSServicePolicy",
            "module.my-cluster.aws_security_group.cluster",
            "module.my-cluster.aws_security_group.workers",
            "module.my-cluster.aws_security_group_rule.cluster_egress_internet",
            "module.my-cluster.aws_security_group_rule.cluster_https_worker_ingress"
          ]
        }
      ]
    },
    {
      "module": "module.my-cluster",
      "mode": "managed",
      "type": "aws_iam_role_policy_attachment",
      "name": "workers_additional_policies",
      "each": "list",
      "provider": "provider.aws",
      "instances": []
    },
    {
      "module": "module.my-cluster",
      "mode": "managed",
      "type": "aws_launch_configuration",
      "name": "workers",
      "each": "list",
      "provider": "provider.aws",
      "instances": [
        {
          "index_key": 0,
          "schema_version": 0,
          "attributes": {
            "arn": "arn:aws:autoscaling:us-east-2:213543331564:launchConfiguration:d0418840-abb8-42ab-b64c-df80d8bb7392:launchConfigurationName/my-eks-cluster-02020081411391914420000000c",
            "associate_public_ip_address": false,
            "ebs_block_device": [],
            "ebs_optimized": false,
            "enable_monitoring": true,
            "ephemeral_block_device": [],
            "iam_instance_profile": "my-eks-cluster20200814113847521400000008",
            "id": "my-eks-cluster-02020081411391914420000000c",
            "image_id": "ami-04cab20cf4ae39867",
            "instance_type": "t2.small",
            "key_name": "",
            "name": "my-eks-cluster-02020081411391914420000000c",
            "name_prefix": "my-eks-cluster-0",
            "placement_tenancy": "",
            "root_block_device": [
              {
                "delete_on_termination": true,
                "encrypted": false,
                "iops": 0,
                "volume_size": 100,
                "volume_type": "gp2"
              }
            ],
            "security_groups": [
              "sg-0120bf00e48a46200"
            ],
            "spot_price": "",
            "user_data": null,
            "user_data_base64": "IyEvYmluL2Jhc2ggLXhlCgojIEFsbG93IHVzZXIgc3VwcGxpZWQgcHJlIHVzZXJkYXRhIGNvZGUKCgojIEJvb3RzdHJhcCBhbmQgam9pbiB0aGUgY2x1c3RlcgovZXRjL2Vrcy9ib290c3RyYXAuc2ggLS1iNjQtY2x1c3Rlci1jYSAnTFMwdExTMUNSVWRKVGlCRFJWSlVTVVpKUTBGVVJTMHRMUzB0Q2sxSlNVTjVSRU5EUVdKRFowRjNTVUpCWjBsQ1FVUkJUa0puYTNGb2EybEhPWGN3UWtGUmMwWkJSRUZXVFZKTmQwVlJXVVJXVVZGRVJYZHdjbVJYU213S1kyMDFiR1JIVm5wTlFqUllSRlJKZDAxRVozaE9SRVY0VFhwUmQwMXNiMWhFVkUxM1RVUm5lRTFxUlhoTmVsRjNUV3h2ZDBaVVJWUk5Ra1ZIUVRGVlJRcEJlRTFMWVROV2FWcFlTblZhV0ZKc1kzcERRMEZUU1hkRVVWbEtTMjlhU1doMlkwNUJVVVZDUWxGQlJHZG5SVkJCUkVORFFWRnZRMmRuUlVKQlRscERDa3hITldaNmJDOUdUekZSTnpGQ2FGTnRaRnBsTUV0RFV6UndlQzg1WW5vMlF6bGxNakpETlROSVYweE5TMloyYkdvd2RXaG9Va00xVEdNdldFVkpWRGNLU25Wd1dtcENZM2wyWkhReGVtODJhRXh1Tm1VemVUSTRVbXg1WVdRelN6UlBkMWwxYUZsMVpFMU1hMmQxV0VKSFNuWjNZbG80YXpKS2FFVkJkQzlWUlFwME1YbG1WVVZqYzNwYWExcENLemM1UmxKak1XdEZhM2d3UkhseVpYWjRUMlpNWTA1SlNXOVFVelpXUW10V1FtNDRPRlZZVUdsd1ZXUjFlRlI2YVdFNENsRTVTMWRNVGtvMmNWcHNjalZZZW1SaGRrZHFWVlpETDJVeFRsZElUVFpVV2pKUVMyYzRNMUZMVVVKcVMyTnNiWGtyTW1WM1lVWjJWbWhsUkRaWVpFc0tNbVYwT0ZsRGQybElPRlJwU0c1UFREVnNRWEE0ZHpFeFNGUkZZMEZSVVU1Slp5OVVLMDkwU21WT1dtZEdhRkZpWXpKWVZIRkJkVmxJT0hWWU1VeHRNUW8wZFZObGVGSk1XWEp2V1VoNFZtb3JTQzlGUTBGM1JVRkJZVTFxVFVORmQwUm5XVVJXVWpCUVFWRklMMEpCVVVSQlowdHJUVUU0UjBFeFZXUkZkMFZDQ2k5M1VVWk5RVTFDUVdZNGQwUlJXVXBMYjFwSmFIWmpUa0ZSUlV4Q1VVRkVaMmRGUWtGSk5VZFpiSEU0UjIweU9EZEVVWGhwTjNCWGFVOUpabXQxTXpnS2NURXlNa2x5YkdwSWMybDFOVzVhZVZkd1kwRldVWEZ2ZGlzemRtSTNhREJSUjFWdk9Ia3JORFpwVG04eU9FeFpjVmxRUkV4elNUaE1WbkZYUlRVMFRRcHBiSE5RZGtFellrczVhMjV2TkdaUE16azJhblUxUVZRd1lXNVZRMWRrUkhOVFZGUlhOMjVTZUhkME9FdFVjbkZuZDNKVFVuUk1TVzlyVG5KSk9HTjRDa2xRU2xOMldtdEVjMlpXZFUxRFVWRk5UVkpXVjJ0TWFXRXJhWGhLY1Zoc2NHbFVVa1ZaZGpkaVpEaGhNakJrUlVOQ1JHcGtUMWRqU1RBMlVqQXZiRU1LYVd4aFIxTlNaamQwU1V3MWFqRlhSbEpRTDBVMll6WTRUa3RPWlhkd1QyRm1XRzl5UldWSlMzTkNSbmN5V2xGVk0ySldObWxwV1hwNE0wbFZabXRZYkFwa2EwbFllbkp0VFVSMlFXNVJNMU5uYnpnNGNYRjJSbTVJVTBWTFNtdzNVMk5tVW1GMmFtcFRSM0EyTDNBd1FVSk5PWGh4YUhwNE0zTnlPRDBLTFMwdExTMUZUa1FnUTBWU1ZFbEdTVU5CVkVVdExTMHRMUW89JyAtLWFwaXNlcnZlci1lbmRwb2ludCAnaHR0cHM6Ly9FM0QxNjQ2M0U0QkExMzdCNEEzNEE4MTM4MzI2REYwRi5ncjcudXMtZWFzdC0yLmVrcy5hbWF6b25hd3MuY29tJyAgLS1rdWJlbGV0LWV4dHJhLWFyZ3MgIiIgJ215LWVrcy1jbHVzdGVyJwoKIyBBbGxvdyB1c2VyIHN1cHBsaWVkIHVzZXJkYXRhIGNvZGUKCg==",
            "vpc_classic_link_id": "",
            "vpc_classic_link_security_groups": []
          },
          "private": "bnVsbA==",
          "dependencies": [
            "module.my-cluster.aws_cloudwatch_log_group.this",
            "module.my-cluster.aws_eks_cluster.this",
            "module.my-cluster.aws_iam_instance_profile.workers",
            "module.my-cluster.aws_iam_role.cluster",
            "module.my-cluster.aws_iam_role.workers",
            "module.my-cluster.aws_iam_role_policy_attachment.cluster_AmazonEKSClusterPolicy",
            "module.my-cluster.aws_iam_role_policy_attachment.cluster_AmazonEKSServicePolicy",
            "module.my-cluster.aws_iam_role_policy_attachment.workers_AmazonEC2ContainerRegistryReadOnly",
            "module.my-cluster.aws_iam_role_policy_attachment.workers_AmazonEKSWorkerNodePolicy",
            "module.my-cluster.aws_iam_role_policy_attachment.workers_AmazonEKS_CNI_Policy",
            "module.my-cluster.aws_iam_role_policy_attachment.workers_additional_policies",
            "module.my-cluster.aws_security_group.cluster",
            "module.my-cluster.aws_security_group.workers",
            "module.my-cluster.aws_security_group_rule.cluster_egress_internet",
            "module.my-cluster.aws_security_group_rule.cluster_https_worker_ingress",
            "module.my-cluster.aws_security_group_rule.cluster_primary_ingress_workers",
            "module.my-cluster.aws_security_group_rule.workers_egress_internet",
            "module.my-cluster.aws_security_group_rule.workers_ingress_cluster",
            "module.my-cluster.aws_security_group_rule.workers_ingress_cluster_https",
            "module.my-cluster.aws_security_group_rule.workers_ingress_cluster_kubelet",
            "module.my-cluster.aws_security_group_rule.workers_ingress_cluster_primary",
            "module.my-cluster.aws_security_group_rule.workers_ingress_self"
          ]
        }
      ]
    },
    {
      "module": "module.my-cluster",
      "mode": "managed",
      "type": "aws_launch_template",
      "name": "workers_launch_template",
      "each": "list",
      "provider": "provider.aws",
      "instances": []
    },
    {
      "module": "module.my-cluster",
      "mode": "managed",
      "type": "aws_security_group",
      "name": "cluster",
      "each": "list",
      "provider": "provider.aws",
      "instances": [
        {
          "index_key": 0,
          "schema_version": 1,
          "attributes": {
            "arn": "arn:aws:ec2:us-east-2:213543331564:security-group/sg-0aff29a9f6f4526cb",
            "description": "EKS cluster security group.",
            "egress": [
              {
                "cidr_blocks": [
                  "0.0.0.0/0"
                ],
                "description": "Allow cluster egress access to the Internet.",
                "from_port": 0,
                "ipv6_cidr_blocks": [],
                "prefix_list_ids": [],
                "protocol": "-1",
                "security_groups": [],
                "self": false,
                "to_port": 0
              }
            ],
            "id": "sg-0aff29a9f6f4526cb",
            "ingress": [
              {
                "cidr_blocks": [],
                "description": "Allow pods to communicate with the EKS cluster API.",
                "from_port": 443,
                "ipv6_cidr_blocks": [],
                "prefix_list_ids": [],
                "protocol": "tcp",
                "security_groups": [
                  "sg-0120bf00e48a46200"
                ],
                "self": false,
                "to_port": 443
              }
            ],
            "name": "my-eks-cluster20200814112536382700000002",
            "name_prefix": "my-eks-cluster",
            "owner_id": "213543331564",
            "revoke_rules_on_delete": false,
            "tags": {
              "Name": "my-eks-cluster-eks_cluster_sg"
            },
            "timeouts": null,
            "vpc_id": "vpc-d362c1b8"
          },
          "private": "eyJlMmJmYjczMC1lY2FhLTExZTYtOGY4OC0zNDM2M2JjN2M0YzAiOnsiY3JlYXRlIjo2MDAwMDAwMDAwMDAsImRlbGV0ZSI6NjAwMDAwMDAwMDAwfSwic2NoZW1hX3ZlcnNpb24iOiIxIn0="
        }
      ]
    },
    {
      "module": "module.my-cluster",
      "mode": "managed",
      "type": "aws_security_group",
      "name": "workers",
      "each": "list",
      "provider": "provider.aws",
      "instances": [
        {
          "index_key": 0,
          "schema_version": 1,
          "attributes": {
            "arn": "arn:aws:ec2:us-east-2:213543331564:security-group/sg-0120bf00e48a46200",
            "description": "Security group for all nodes in the cluster.",
            "egress": [
              {
                "cidr_blocks": [
                  "0.0.0.0/0"
                ],
                "description": "Allow nodes all egress to the Internet.",
                "from_port": 0,
                "ipv6_cidr_blocks": [],
                "prefix_list_ids": [],
                "protocol": "-1",
                "security_groups": [],
                "self": false,
                "to_port": 0
              }
            ],
            "id": "sg-0120bf00e48a46200",
            "ingress": [
              {
                "cidr_blocks": [],
                "description": "Allow node to communicate with each other.",
                "from_port": 0,
                "ipv6_cidr_blocks": [],
                "prefix_list_ids": [],
                "protocol": "-1",
                "security_groups": [],
                "self": true,
                "to_port": 0
              },
              {
                "cidr_blocks": [],
                "description": "Allow pods running extension API servers on port 443 to receive communication from cluster control plane.",
                "from_port": 443,
                "ipv6_cidr_blocks": [],
                "prefix_list_ids": [],
                "protocol": "tcp",
                "security_groups": [
                  "sg-0aff29a9f6f4526cb"
                ],
                "self": false,
                "to_port": 443
              },
              {
                "cidr_blocks": [],
                "description": "Allow workers pods to receive communication from the cluster control plane.",
                "from_port": 1025,
                "ipv6_cidr_blocks": [],
                "prefix_list_ids": [],
                "protocol": "tcp",
                "security_groups": [
                  "sg-0aff29a9f6f4526cb"
                ],
                "self": false,
                "to_port": 65535
              }
            ],
            "name": "my-eks-cluster20200814112536380800000001",
            "name_prefix": "my-eks-cluster",
            "owner_id": "213543331564",
            "revoke_rules_on_delete": false,
            "tags": {
              "Name": "my-eks-cluster-eks_worker_sg",
              "kubernetes.io/cluster/my-eks-cluster": "owned"
            },
            "timeouts": null,
            "vpc_id": "vpc-d362c1b8"
          },
          "private": "eyJlMmJmYjczMC1lY2FhLTExZTYtOGY4OC0zNDM2M2JjN2M0YzAiOnsiY3JlYXRlIjo2MDAwMDAwMDAwMDAsImRlbGV0ZSI6NjAwMDAwMDAwMDAwfSwic2NoZW1hX3ZlcnNpb24iOiIxIn0="
        }
      ]
    },
    {
      "module": "module.my-cluster",
      "mode": "managed",
      "type": "aws_security_group_rule",
      "name": "cluster_egress_internet",
      "each": "list",
      "provider": "provider.aws",
      "instances": [
        {
          "index_key": 0,
          "schema_version": 2,
          "attributes": {
            "cidr_blocks": [
              "0.0.0.0/0"
            ],
            "description": "Allow cluster egress access to the Internet.",
            "from_port": 0,
            "id": "sgrule-3803233940",
            "ipv6_cidr_blocks": [],
            "prefix_list_ids": [],
            "protocol": "-1",
            "security_group_id": "sg-0aff29a9f6f4526cb",
            "self": false,
            "source_security_group_id": null,
            "to_port": 0,
            "type": "egress"
          },
          "private": "eyJzY2hlbWFfdmVyc2lvbiI6IjIifQ==",
          "dependencies": [
            "module.my-cluster.aws_security_group.cluster"
          ]
        }
      ]
    },
    {
      "module": "module.my-cluster",
      "mode": "managed",
      "type": "aws_security_group_rule",
      "name": "cluster_https_worker_ingress",
      "each": "list",
      "provider": "provider.aws",
      "instances": [
        {
          "index_key": 0,
          "schema_version": 2,
          "attributes": {
            "cidr_blocks": [],
            "description": "Allow pods to communicate with the EKS cluster API.",
            "from_port": 443,
            "id": "sgrule-1293864420",
            "ipv6_cidr_blocks": [],
            "prefix_list_ids": [],
            "protocol": "tcp",
            "security_group_id": "sg-0aff29a9f6f4526cb",
            "self": false,
            "source_security_group_id": "sg-0120bf00e48a46200",
            "to_port": 443,
            "type": "ingress"
          },
          "private": "eyJzY2hlbWFfdmVyc2lvbiI6IjIifQ==",
          "dependencies": [
            "module.my-cluster.aws_security_group.cluster",
            "module.my-cluster.aws_security_group.workers"
          ]
        }
      ]
    },
    {
      "module": "module.my-cluster",
      "mode": "managed",
      "type": "aws_security_group_rule",
      "name": "cluster_primary_ingress_workers",
      "each": "list",
      "provider": "provider.aws",
      "instances": []
    },
    {
      "module": "module.my-cluster",
      "mode": "managed",
      "type": "aws_security_group_rule",
      "name": "cluster_private_access",
      "each": "list",
      "provider": "provider.aws",
      "instances": []
    },
    {
      "module": "module.my-cluster",
      "mode": "managed",
      "type": "aws_security_group_rule",
      "name": "workers_egress_internet",
      "each": "list",
      "provider": "provider.aws",
      "instances": [
        {
          "index_key": 0,
          "schema_version": 2,
          "attributes": {
            "cidr_blocks": [
              "0.0.0.0/0"
            ],
            "description": "Allow nodes all egress to the Internet.",
            "from_port": 0,
            "id": "sgrule-2897711311",
            "ipv6_cidr_blocks": [],
            "prefix_list_ids": [],
            "protocol": "-1",
            "security_group_id": "sg-0120bf00e48a46200",
            "self": false,
            "source_security_group_id": null,
            "to_port": 0,
            "type": "egress"
          },
          "private": "eyJzY2hlbWFfdmVyc2lvbiI6IjIifQ==",
          "dependencies": [
            "module.my-cluster.aws_security_group.workers"
          ]
        }
      ]
    },
    {
      "module": "module.my-cluster",
      "mode": "managed",
      "type": "aws_security_group_rule",
      "name": "workers_ingress_cluster",
      "each": "list",
      "provider": "provider.aws",
      "instances": [
        {
          "index_key": 0,
          "schema_version": 2,
          "attributes": {
            "cidr_blocks": [],
            "description": "Allow workers pods to receive communication from the cluster control plane.",
            "from_port": 1025,
            "id": "sgrule-3202856275",
            "ipv6_cidr_blocks": [],
            "prefix_list_ids": [],
            "protocol": "tcp",
            "security_group_id": "sg-0120bf00e48a46200",
            "self": false,
            "source_security_group_id": "sg-0aff29a9f6f4526cb",
            "to_port": 65535,
            "type": "ingress"
          },
          "private": "eyJzY2hlbWFfdmVyc2lvbiI6IjIifQ==",
          "dependencies": [
            "module.my-cluster.aws_security_group.cluster",
            "module.my-cluster.aws_security_group.workers"
          ]
        }
      ]
    },
    {
      "module": "module.my-cluster",
      "mode": "managed",
      "type": "aws_security_group_rule",
      "name": "workers_ingress_cluster_https",
      "each": "list",
      "provider": "provider.aws",
      "instances": [
        {
          "index_key": 0,
          "schema_version": 2,
          "attributes": {
            "cidr_blocks": [],
            "description": "Allow pods running extension API servers on port 443 to receive communication from cluster control plane.",
            "from_port": 443,
            "id": "sgrule-373761903",
            "ipv6_cidr_blocks": [],
            "prefix_list_ids": [],
            "protocol": "tcp",
            "security_group_id": "sg-0120bf00e48a46200",
            "self": false,
            "source_security_group_id": "sg-0aff29a9f6f4526cb",
            "to_port": 443,
            "type": "ingress"
          },
          "private": "eyJzY2hlbWFfdmVyc2lvbiI6IjIifQ==",
          "dependencies": [
            "module.my-cluster.aws_security_group.cluster",
            "module.my-cluster.aws_security_group.workers"
          ]
        }
      ]
    },
    {
      "module": "module.my-cluster",
      "mode": "managed",
      "type": "aws_security_group_rule",
      "name": "workers_ingress_cluster_kubelet",
      "each": "list",
      "provider": "provider.aws",
      "instances": []
    },
    {
      "module": "module.my-cluster",
      "mode": "managed",
      "type": "aws_security_group_rule",
      "name": "workers_ingress_cluster_primary",
      "each": "list",
      "provider": "provider.aws",
      "instances": []
    },
    {
      "module": "module.my-cluster",
      "mode": "managed",
      "type": "aws_security_group_rule",
      "name": "workers_ingress_self",
      "each": "list",
      "provider": "provider.aws",
      "instances": [
        {
          "index_key": 0,
          "schema_version": 2,
          "attributes": {
            "cidr_blocks": [],
            "description": "Allow node to communicate with each other.",
            "from_port": 0,
            "id": "sgrule-2785438754",
            "ipv6_cidr_blocks": [],
            "prefix_list_ids": [],
            "protocol": "-1",
            "security_group_id": "sg-0120bf00e48a46200",
            "self": false,
            "source_security_group_id": "sg-0120bf00e48a46200",
            "to_port": 0,
            "type": "ingress"
          },
          "private": "eyJzY2hlbWFfdmVyc2lvbiI6IjIifQ==",
          "dependencies": [
            "module.my-cluster.aws_security_group.workers"
          ]
        }
      ]
    },
    {
      "mode": "managed",
      "type": "google_container_cluster",
      "name": "primary",
      "provider": "provider.google",
      "instances": [
        {
          "schema_version": 1,
          "attributes": {
            "additional_zones": [],
            "addons_config": [
              {
                "cloudrun_config": [],
                "horizontal_pod_autoscaling": [],
                "http_load_balancing": [],
                "kubernetes_dashboard": [],
                "network_policy_config": [
                  {
                    "disabled": true
                  }
                ]
              }
            ],
            "authenticator_groups_config": [],
            "cluster_autoscaling": [
              {
                "auto_provisioning_defaults": [],
                "enabled": false,
                "resource_limits": []
              }
            ],
            "cluster_ipv4_cidr": "10.16.0.0/14",
            "database_encryption": [
              {
                "key_name": "",
                "state": "DECRYPTED"
              }
            ],
            "default_max_pods_per_node": null,
            "description": "",
            "enable_binary_authorization": false,
            "enable_intranode_visibility": null,
            "enable_kubernetes_alpha": false,
            "enable_legacy_abac": false,
            "enable_shielded_nodes": false,
            "enable_tpu": null,
            "endpoint": "34.67.10.189",
            "id": "projects/first-project-283216/locations/us-central1/clusters/my-gke-cluster",
            "initial_node_count": 1,
            "instance_group_urls": [
              "https://www.googleapis.com/compute/v1/projects/first-project-283216/zones/us-central1-f/instanceGroups/gke-my-gke-cluster-my-node-pool-b2cf01bc-grp",
              "https://www.googleapis.com/compute/v1/projects/first-project-283216/zones/us-central1-b/instanceGroups/gke-my-gke-cluster-my-node-pool-9280f8a2-grp",
              "https://www.googleapis.com/compute/v1/projects/first-project-283216/zones/us-central1-c/instanceGroups/gke-my-gke-cluster-my-node-pool-8fe1252b-grp"
            ],
            "ip_allocation_policy": [],
            "label_fingerprint": "a9dc16a7",
            "location": "us-central1",
            "logging_service": "logging.googleapis.com/kubernetes",
            "maintenance_policy": [],
            "master_auth": [
              {
                "client_certificate": "",
                "client_certificate_config": [
                  {
                    "issue_client_certificate": false
                  }
                ],
                "client_key": "",
                "cluster_ca_certificate": "LS0tLS1CRUdJTiBDRVJUSUZJQ0FURS0tLS0tCk1JSURLekNDQWhPZ0F3SUJBZ0lSQU00cTRLc1k4bGFOYXZUQkVZTjNLdzh3RFFZSktvWklodmNOQVFFTEJRQXcKTHpFdE1Dc0dBMVVFQXhNa1lUTXhPR05pTkRRdE9EUmlZUzAwWkdWa0xXRTNNek10Wm1ZMFlXWmtORFpsWXpsawpNQjRYRFRJd01EZ3hOREV3TWpVek9Wb1hEVEkxTURneE16RXhNalV6T1Zvd0x6RXRNQ3NHQTFVRUF4TWtZVE14Ck9HTmlORFF0T0RSaVlTMDBaR1ZrTFdFM016TXRabVkwWVdaa05EWmxZemxrTUlJQklqQU5CZ2txaGtpRzl3MEIKQVFFRkFBT0NBUThBTUlJQkNnS0NBUUVBbjhncHBWd0MxRkNnWVZBVitlM2dXOUdSOHQyKzlEWnFZOHpwaXhOeAp6L2Jna2I4MlFnamwydUkvRm1BakVxTythdGgxWGNlb3A3RGt5NUtLWDdwRnI5M1R2UGhpRnVFNHk2V3VLM0VYCkFEaXVrN1puRFRSeDJmdEFDZ3hGQ051V0ZGOVo2QVFjeUVGOWlPYjBVYlQ3Z0NhVGRFelE0dW5YS0dvaVRiZW4KNEpHb21tQjIyVGNMRHBYbXRON0xNeDdzSjdwWHZIQjZNLzB5anBIWFBVRVZTdXdYR1JIUmtJUkFubE1KaGxpMwpQOFlkbGZIcy9KZEpXV3hGZDgzNlVjaGd1SDlCYU4vRnE2V3RSS2N0WnIzcWtwc2pJWVFpeS9ESG1tRGdRK1RFCjh0YnQ5dW14Sk04bXNXcTVxa1lwVlpFSzkwc1ZHRSs5ajVRNDMzMW01YU5SVXdJREFRQUJvMEl3UURBT0JnTlYKSFE4QkFmOEVCQU1DQWdRd0R3WURWUjBUQVFIL0JBVXdBd0VCL3pBZEJnTlZIUTRFRmdRVU4zT3JqTjdZclRxUwp5Tlc0cm9LUWhGRXJhTkF3RFFZSktvWklodmNOQVFFTEJRQURnZ0VCQUVDT2M3cG5NT1FsQURVUlg3cWtGMXFwCnVENzhVQU9KU2hCMkxvdWNza0hPay9PN0hxbU5oMDVTbzZTRVJ6OTdPYUNZSmhjZjhvZVVkTDBvZDQ1K1FSVHQKZU9ya3JCbElVL2tKV0Y1c2Y4WkpkVm9Fc0lEYXArYVE2eThWY2pHZXRWUjJNTW56NGNnN2RTMkpxNk5zOCtvYQppRFk5QTdSZm1jeEdZTlFzNUFTTG4yMFJQVGRwMU9oaUhDK2doM1MwRDB3aXJ2ZkFBRmFoUkZhcEpJSFRXVkRKCmUrZmUzQm56akl3K2k5TEduTmhYaXRmb1FhRmdZb21EL2IvT3pYdnMzZmZ5N3p2cTJDY01GbHVIaFM2Yy9oeVQKUGUvalpxYStuQzY1SndPbTZDNkxNdTNMYXAzMkh3ME9JSEdpczk5dW5VUC9wbUJpMWFmTjZlREdOYjA5ZzlnPQotLS0tLUVORCBDRVJUSUZJQ0FURS0tLS0tCg==",
                "password": "",
                "username": ""
              }
            ],
            "master_authorized_networks_config": [],
            "master_version": "1.15.12-gke.2",
            "min_master_version": null,
            "monitoring_service": "monitoring.googleapis.com/kubernetes",
            "name": "my-gke-cluster",
            "network": "projects/first-project-283216/global/networks/default",
            "network_policy": [
              {
                "enabled": false,
                "provider": "PROVIDER_UNSPECIFIED"
              }
            ],
            "node_config": [
              {
                "disk_size_gb": 100,
                "disk_type": "pd-standard",
                "guest_accelerator": [],
                "image_type": "COS",
                "labels": {},
                "local_ssd_count": 0,
                "machine_type": "e2-medium",
                "metadata": {
                  "disable-legacy-endpoints": "true"
                },
                "min_cpu_platform": "",
                "oauth_scopes": [
                  "https://www.googleapis.com/auth/cloud-platform",
                  "https://www.googleapis.com/auth/devstorage.read_only",
                  "https://www.googleapis.com/auth/logging.write",
                  "https://www.googleapis.com/auth/monitoring",
                  "https://www.googleapis.com/auth/service.management.readonly",
                  "https://www.googleapis.com/auth/servicecontrol",
                  "https://www.googleapis.com/auth/trace.append"
                ],
                "preemptible": false,
                "sandbox_config": [],
                "service_account": "default",
                "shielded_instance_config": [
                  {
                    "enable_integrity_monitoring": true,
                    "enable_secure_boot": false
                  }
                ],
                "tags": [],
                "taint": [],
                "workload_metadata_config": []
              }
            ],
            "node_locations": [
              "us-central1-b",
              "us-central1-c",
              "us-central1-f"
            ],
            "node_pool": [
              {
                "autoscaling": [],
                "initial_node_count": 1,
                "instance_group_urls": [
                  "https://www.googleapis.com/compute/v1/projects/first-project-283216/zones/us-central1-f/instanceGroupManagers/gke-my-gke-cluster-my-node-pool-b2cf01bc-grp",
                  "https://www.googleapis.com/compute/v1/projects/first-project-283216/zones/us-central1-b/instanceGroupManagers/gke-my-gke-cluster-my-node-pool-9280f8a2-grp",
                  "https://www.googleapis.com/compute/v1/projects/first-project-283216/zones/us-central1-c/instanceGroupManagers/gke-my-gke-cluster-my-node-pool-8fe1252b-grp"
                ],
                "management": [
                  {
                    "auto_repair": true,
                    "auto_upgrade": true
                  }
                ],
                "max_pods_per_node": 0,
                "name": "my-node-pool",
                "name_prefix": "",
                "node_config": [
                  {
                    "disk_size_gb": 100,
                    "disk_type": "pd-standard",
                    "guest_accelerator": [],
                    "image_type": "COS",
                    "labels": {},
                    "local_ssd_count": 0,
                    "machine_type": "e2-medium",
                    "metadata": {
                      "disable-legacy-endpoints": "true"
                    },
                    "min_cpu_platform": "",
                    "oauth_scopes": [
                      "https://www.googleapis.com/auth/cloud-platform",
                      "https://www.googleapis.com/auth/devstorage.read_only",
                      "https://www.googleapis.com/auth/logging.write",
                      "https://www.googleapis.com/auth/monitoring",
                      "https://www.googleapis.com/auth/service.management.readonly",
                      "https://www.googleapis.com/auth/servicecontrol",
                      "https://www.googleapis.com/auth/trace.append"
                    ],
                    "preemptible": false,
                    "sandbox_config": [],
                    "service_account": "default",
                    "shielded_instance_config": [
                      {
                        "enable_integrity_monitoring": true,
                        "enable_secure_boot": false
                      }
                    ],
                    "tags": [],
                    "taint": [],
                    "workload_metadata_config": []
                  }
                ],
                "node_count": 1,
                "node_locations": [
                  "us-central1-b",
                  "us-central1-c",
                  "us-central1-f"
                ],
                "upgrade_settings": [
                  {
                    "max_surge": 1,
                    "max_unavailable": 0
                  }
                ],
                "version": "1.15.12-gke.2"
              }
            ],
            "node_version": "1.15.12-gke.2",
            "operation": null,
            "pod_security_policy_config": [],
            "private_cluster_config": [],
            "project": "first-project-283216",
            "region": null,
            "remove_default_node_pool": true,
            "resource_labels": {},
            "resource_usage_export_config": [],
            "services_ipv4_cidr": "10.19.240.0/20",
            "subnetwork": "projects/first-project-283216/regions/us-central1/subnetworks/default",
            "timeouts": null,
            "vertical_pod_autoscaling": [],
            "workload_identity_config": [],
            "zone": null
          },
          "private": "eyJlMmJmYjczMC1lY2FhLTExZTYtOGY4OC0zNDM2M2JjN2M0YzAiOnsiY3JlYXRlIjoyNDAwMDAwMDAwMDAwLCJkZWxldGUiOjI0MDAwMDAwMDAwMDAsInJlYWQiOjI0MDAwMDAwMDAwMDAsInVwZGF0ZSI6MzYwMDAwMDAwMDAwMH0sInNjaGVtYV92ZXJzaW9uIjoiMSJ9"
        }
      ]
    },
    {
      "mode": "managed",
      "type": "google_container_node_pool",
      "name": "node_pool",
      "provider": "provider.google",
      "instances": [
        {
          "schema_version": 1,
          "attributes": {
            "autoscaling": [],
            "cluster": "my-gke-cluster",
            "id": "projects/first-project-283216/locations/us-central1/clusters/my-gke-cluster/nodePools/my-node-pool",
            "initial_node_count": 1,
            "instance_group_urls": [
              "https://www.googleapis.com/compute/v1/projects/first-project-283216/zones/us-central1-f/instanceGroupManagers/gke-my-gke-cluster-my-node-pool-b2cf01bc-grp",
              "https://www.googleapis.com/compute/v1/projects/first-project-283216/zones/us-central1-b/instanceGroupManagers/gke-my-gke-cluster-my-node-pool-9280f8a2-grp",
              "https://www.googleapis.com/compute/v1/projects/first-project-283216/zones/us-central1-c/instanceGroupManagers/gke-my-gke-cluster-my-node-pool-8fe1252b-grp"
            ],
            "location": "us-central1",
            "management": [
              {
                "auto_repair": true,
                "auto_upgrade": true
              }
            ],
            "max_pods_per_node": null,
            "name": "my-node-pool",
            "name_prefix": "",
            "node_config": [
              {
                "disk_size_gb": 100,
                "disk_type": "pd-standard",
                "guest_accelerator": [],
                "image_type": "COS",
                "labels": {},
                "local_ssd_count": 0,
                "machine_type": "e2-medium",
                "metadata": {
                  "disable-legacy-endpoints": "true"
                },
                "min_cpu_platform": "",
                "oauth_scopes": [
                  "https://www.googleapis.com/auth/cloud-platform",
                  "https://www.googleapis.com/auth/devstorage.read_only",
                  "https://www.googleapis.com/auth/logging.write",
                  "https://www.googleapis.com/auth/monitoring",
                  "https://www.googleapis.com/auth/service.management.readonly",
                  "https://www.googleapis.com/auth/servicecontrol",
                  "https://www.googleapis.com/auth/trace.append"
                ],
                "preemptible": false,
                "sandbox_config": [],
                "service_account": "default",
                "shielded_instance_config": [
                  {
                    "enable_integrity_monitoring": true,
                    "enable_secure_boot": false
                  }
                ],
                "tags": [],
                "taint": [],
                "workload_metadata_config": []
              }
            ],
            "node_count": 1,
            "node_locations": [
              "us-central1-b",
              "us-central1-c",
              "us-central1-f"
            ],
            "project": "first-project-283216",
            "region": null,
            "timeouts": null,
            "upgrade_settings": [
              {
                "max_surge": 1,
                "max_unavailable": 0
              }
            ],
            "version": "1.15.12-gke.2",
            "zone": null
          },
          "private": "eyJlMmJmYjczMC1lY2FhLTExZTYtOGY4OC0zNDM2M2JjN2M0YzAiOnsiY3JlYXRlIjoxODAwMDAwMDAwMDAwLCJkZWxldGUiOjE4MDAwMDAwMDAwMDAsInVwZGF0ZSI6MTgwMDAwMDAwMDAwMH0sInNjaGVtYV92ZXJzaW9uIjoiMSJ9",
          "dependencies": [
            "google_container_cluster.primary"
          ]
        }
      ]
    },
    {
      "module": "module.my-cluster",
      "mode": "managed",
      "type": "kubernetes_config_map",
      "name": "aws_auth",
      "each": "list",
      "provider": "provider.kubernetes",
      "instances": [
        {
          "index_key": 0,
          "schema_version": 0,
          "attributes": {
            "binary_data": {},
            "data": {
              "mapAccounts": "[]\n",
              "mapRoles": "- \"groups\":\n  - \"system:bootstrappers\"\n  - \"system:nodes\"\n  \"rolearn\": \"arn:aws:iam::213543331564:role/my-eks-cluster20200814113834242200000007\"\n  \"username\": \"system:node:{{EC2PrivateDNSName}}\"\n",
              "mapUsers": "[]\n"
            },
            "id": "kube-system/aws-auth",
            "metadata": [
              {
                "annotations": {},
                "generate_name": "",
                "generation": 0,
                "labels": {},
                "name": "aws-auth",
                "namespace": "kube-system",
                "resource_version": "594",
                "self_link": "/api/v1/namespaces/kube-system/configmaps/aws-auth",
                "uid": "618964f1-e630-4c07-a746-bc6305bb1add"
              }
            ]
          },
          "private": "bnVsbA==",
          "dependencies": [
            "module.my-cluster.aws_cloudwatch_log_group.this",
            "module.my-cluster.aws_eks_cluster.this",
            "module.my-cluster.aws_iam_instance_profile.workers",
            "module.my-cluster.aws_iam_instance_profile.workers_launch_template",
            "module.my-cluster.aws_iam_role.cluster",
            "module.my-cluster.aws_iam_role.workers",
            "module.my-cluster.aws_iam_role_policy_attachment.cluster_AmazonEKSClusterPolicy",
            "module.my-cluster.aws_iam_role_policy_attachment.cluster_AmazonEKSServicePolicy",
            "module.my-cluster.aws_security_group.cluster",
            "module.my-cluster.aws_security_group.workers",
            "module.my-cluster.aws_security_group_rule.cluster_egress_internet",
            "module.my-cluster.aws_security_group_rule.cluster_https_worker_ingress",
            "module.my-cluster.aws_security_group_rule.cluster_private_access",
            "module.my-cluster.null_resource.wait_for_cluster"
          ]
        }
      ]
    },
    {
      "module": "module.my-cluster",
      "mode": "managed",
      "type": "local_file",
      "name": "kubeconfig",
      "each": "list",
      "provider": "provider.local",
      "instances": [
        {
          "index_key": 0,
          "schema_version": 0,
          "attributes": {
            "content": "apiVersion: v1\npreferences: {}\nkind: Config\n\nclusters:\n- cluster:\n    server: https://E3D16463E4BA137B4A34A8138326DF0F.gr7.us-east-2.eks.amazonaws.com\n    certificate-authority-data: LS0tLS1CRUdJTiBDRVJUSUZJQ0FURS0tLS0tCk1JSUN5RENDQWJDZ0F3SUJBZ0lCQURBTkJna3Foa2lHOXcwQkFRc0ZBREFWTVJNd0VRWURWUVFERXdwcmRXSmwKY201bGRHVnpNQjRYRFRJd01EZ3hOREV4TXpRd01sb1hEVE13TURneE1qRXhNelF3TWxvd0ZURVRNQkVHQTFVRQpBeE1LYTNWaVpYSnVaWFJsY3pDQ0FTSXdEUVlKS29aSWh2Y05BUUVCQlFBRGdnRVBBRENDQVFvQ2dnRUJBTlpDCkxHNWZ6bC9GTzFRNzFCaFNtZFplMEtDUzRweC85Yno2QzllMjJDNTNIV0xNS2Z2bGowdWhoUkM1TGMvWEVJVDcKSnVwWmpCY3l2ZHQxem82aExuNmUzeTI4Umx5YWQzSzRPd1l1aFl1ZE1Ma2d1WEJHSnZ3Ylo4azJKaEVBdC9VRQp0MXlmVUVjc3paa1pCKzc5RlJjMWtFa3gwRHlyZXZ4T2ZMY05JSW9QUzZWQmtWQm44OFVYUGlwVWR1eFR6aWE4ClE5S1dMTko2cVpscjVYemRhdkdqVVZDL2UxTldITTZUWjJQS2c4M1FLUUJqS2NsbXkrMmV3YUZ2VmhlRDZYZEsKMmV0OFlDd2lIOFRpSG5PTDVsQXA4dzExSFRFY0FRUU5JZy9UK090SmVOWmdGaFFiYzJYVHFBdVlIOHVYMUxtMQo0dVNleFJMWXJvWUh4VmorSC9FQ0F3RUFBYU1qTUNFd0RnWURWUjBQQVFIL0JBUURBZ0trTUE4R0ExVWRFd0VCCi93UUZNQU1CQWY4d0RRWUpLb1pJaHZjTkFRRUxCUUFEZ2dFQkFJNUdZbHE4R20yODdEUXhpN3BXaU9JZmt1MzgKcTEyMklybGpIc2l1NW5aeVdwY0FWUXFvdiszdmI3aDBRR1VvOHkrNDZpTm8yOExZcVlQRExzSThMVnFXRTU0TQppbHNQdkEzYks5a25vNGZPMzk2anU1QVQwYW5VQ1dkRHNTVFRXN25SeHd0OEtUcnFnd3JTUnRMSW9rTnJJOGN4CklQSlN2WmtEc2ZWdU1DUVFNTVJWV2tMaWEraXhKcVhscGlUUkVZdjdiZDhhMjBkRUNCRGpkT1djSTA2UjAvbEMKaWxhR1NSZjd0SUw1ajFXRlJQL0U2YzY4TktOZXdwT2FmWG9yRWVJS3NCRncyWlFVM2JWNmlpWXp4M0lVZmtYbApka0lYenJtTUR2QW5RM1Nnbzg4cXF2Rm5IU0VLSmw3U2NmUmF2ampTR3A2L3AwQUJNOXhxaHp4M3NyOD0KLS0tLS1FTkQgQ0VSVElGSUNBVEUtLS0tLQo=\n  name: eks_my-eks-cluster\n\ncontexts:\n- context:\n    cluster: eks_my-eks-cluster\n    user: eks_my-eks-cluster\n  name: eks_my-eks-cluster\n\ncurrent-context: eks_my-eks-cluster\n\nusers:\n- name: eks_my-eks-cluster\n  user:\n    exec:\n      apiVersion: client.authentication.k8s.io/v1alpha1\n      command: aws-iam-authenticator\n      args:\n        - \"token\"\n        - \"-i\"\n        - \"my-eks-cluster\"\n",
            "content_base64": null,
            "directory_permission": "0755",
            "file_permission": "0644",
            "filename": "./kubeconfig_my-eks-cluster",
            "id": "c91eb7c6ab2a47d510dbdc506d579cc16d14d496",
            "sensitive_content": null
          },
          "private": "bnVsbA==",
          "dependencies": [
            "module.my-cluster.aws_cloudwatch_log_group.this",
            "module.my-cluster.aws_eks_cluster.this",
            "module.my-cluster.aws_iam_role.cluster",
            "module.my-cluster.aws_iam_role_policy_attachment.cluster_AmazonEKSClusterPolicy",
            "module.my-cluster.aws_iam_role_policy_attachment.cluster_AmazonEKSServicePolicy",
            "module.my-cluster.aws_security_group.cluster",
            "module.my-cluster.aws_security_group.workers",
            "module.my-cluster.aws_security_group_rule.cluster_egress_internet",
            "module.my-cluster.aws_security_group_rule.cluster_https_worker_ingress"
          ]
        }
      ]
    },
    {
      "mode": "managed",
      "type": "null_resource",
      "name": "login",
      "provider": "provider.null",
      "instances": [
        {
          "schema_version": 0,
          "attributes": {
            "id": "3595768565232496206",
            "triggers": {
              "node_pool": "arn:aws:autoscaling:us-east-2:213543331564:autoScalingGroup:fa1a3c5b-372d-445f-aaff-ab1f53b91f3c:autoScalingGroupName/my-eks-cluster-02020081411393856440000000d"
            }
          },
          "private": "bnVsbA==",
          "dependencies": [
            "module.my-cluster.aws_autoscaling_group.workers",
            "module.my-cluster.aws_autoscaling_group.workers_launch_template",
            "module.my-cluster.aws_eks_cluster.this",
            "module.my-cluster.null_resource.wait_for_cluster"
          ]
        }
      ]
    },
    {
      "mode": "managed",
      "type": "null_resource",
      "name": "register",
      "provider": "provider.null",
      "instances": [
        {
          "schema_version": 0,
          "attributes": {
            "id": "6291147842191636263",
            "triggers": {
              "node_pool": "arn:aws:autoscaling:us-east-2:213543331564:autoScalingGroup:fa1a3c5b-372d-445f-aaff-ab1f53b91f3c:autoScalingGroupName/my-eks-cluster-02020081411393856440000000d"
            }
          },
          "dependencies": [
            "module.my-cluster.aws_autoscaling_group.workers",
            "module.my-cluster.aws_autoscaling_group.workers_launch_template",
            "module.my-cluster.aws_cloudwatch_log_group.this",
            "module.my-cluster.aws_eks_cluster.this",
            "module.my-cluster.aws_iam_instance_profile.workers",
            "module.my-cluster.aws_iam_role.cluster",
            "module.my-cluster.aws_iam_role.workers",
            "module.my-cluster.aws_iam_role_policy_attachment.cluster_AmazonEKSClusterPolicy",
            "module.my-cluster.aws_iam_role_policy_attachment.cluster_AmazonEKSServicePolicy",
            "module.my-cluster.aws_iam_role_policy_attachment.workers_AmazonEC2ContainerRegistryReadOnly",
            "module.my-cluster.aws_iam_role_policy_attachment.workers_AmazonEKSWorkerNodePolicy",
            "module.my-cluster.aws_iam_role_policy_attachment.workers_AmazonEKS_CNI_Policy",
            "module.my-cluster.aws_iam_role_policy_attachment.workers_additional_policies",
            "module.my-cluster.aws_launch_configuration.workers",
            "module.my-cluster.aws_security_group.cluster",
            "module.my-cluster.aws_security_group.workers",
            "module.my-cluster.aws_security_group_rule.cluster_egress_internet",
            "module.my-cluster.aws_security_group_rule.cluster_https_worker_ingress",
            "module.my-cluster.aws_security_group_rule.cluster_primary_ingress_workers",
            "module.my-cluster.aws_security_group_rule.cluster_private_access",
            "module.my-cluster.aws_security_group_rule.workers_egress_internet",
            "module.my-cluster.aws_security_group_rule.workers_ingress_cluster",
            "module.my-cluster.aws_security_group_rule.workers_ingress_cluster_https",
            "module.my-cluster.aws_security_group_rule.workers_ingress_cluster_kubelet",
            "module.my-cluster.aws_security_group_rule.workers_ingress_cluster_primary",
            "module.my-cluster.aws_security_group_rule.workers_ingress_self",
            "module.my-cluster.null_resource.wait_for_cluster",
            "module.my-cluster.random_pet.workers"
          ]
        }
      ]
    },
    {
      "mode": "managed",
      "type": "null_resource",
      "name": "register-gke",
      "provider": "provider.null",
      "instances": [
        {
          "schema_version": 0,
          "attributes": {
            "id": "7607181853730289311",
            "triggers": {
              "node_pool": "my-node-pool"
            }
          },
          "dependencies": [
            "google_container_cluster.primary",
            "google_container_node_pool.node_pool"
          ]
        }
      ]
    },
    {
      "module": "module.my-cluster",
      "mode": "managed",
      "type": "null_resource",
      "name": "wait_for_cluster",
      "each": "list",
      "provider": "provider.null",
      "instances": [
        {
          "index_key": 0,
          "schema_version": 0,
          "attributes": {
            "id": "3739447994672683158",
            "triggers": null
          },
          "dependencies": [
            "module.my-cluster.aws_cloudwatch_log_group.this",
            "module.my-cluster.aws_eks_cluster.this",
            "module.my-cluster.aws_iam_role.cluster",
            "module.my-cluster.aws_iam_role_policy_attachment.cluster_AmazonEKSClusterPolicy",
            "module.my-cluster.aws_iam_role_policy_attachment.cluster_AmazonEKSServicePolicy",
            "module.my-cluster.aws_security_group.cluster",
            "module.my-cluster.aws_security_group.workers",
            "module.my-cluster.aws_security_group_rule.cluster_egress_internet",
            "module.my-cluster.aws_security_group_rule.cluster_https_worker_ingress",
            "module.my-cluster.aws_security_group_rule.cluster_private_access"
          ]
        }
      ]
    },
    {
      "module": "module.my-cluster.module.node_groups",
      "mode": "managed",
      "type": "random_pet",
      "name": "node_groups",
      "each": "map",
      "provider": "provider.random",
      "instances": []
    },
    {
      "module": "module.my-cluster",
      "mode": "managed",
      "type": "random_pet",
      "name": "workers",
      "each": "list",
      "provider": "provider.random",
      "instances": [
        {
          "index_key": 0,
          "schema_version": 0,
          "attributes": {
            "id": "evident-escargot",
            "keepers": {
              "lc_name": "my-eks-cluster-02020081411391914420000000c"
            },
            "length": 2,
            "prefix": null,
            "separator": "-"
          },
          "private": "bnVsbA==",
          "dependencies": [
            "module.my-cluster.aws_cloudwatch_log_group.this",
            "module.my-cluster.aws_eks_cluster.this",
            "module.my-cluster.aws_iam_instance_profile.workers",
            "module.my-cluster.aws_iam_role.cluster",
            "module.my-cluster.aws_iam_role.workers",
            "module.my-cluster.aws_iam_role_policy_attachment.cluster_AmazonEKSClusterPolicy",
            "module.my-cluster.aws_iam_role_policy_attachment.cluster_AmazonEKSServicePolicy",
            "module.my-cluster.aws_iam_role_policy_attachment.workers_AmazonEC2ContainerRegistryReadOnly",
            "module.my-cluster.aws_iam_role_policy_attachment.workers_AmazonEKSWorkerNodePolicy",
            "module.my-cluster.aws_iam_role_policy_attachment.workers_AmazonEKS_CNI_Policy",
            "module.my-cluster.aws_iam_role_policy_attachment.workers_additional_policies",
            "module.my-cluster.aws_launch_configuration.workers",
            "module.my-cluster.aws_security_group.cluster",
            "module.my-cluster.aws_security_group.workers",
            "module.my-cluster.aws_security_group_rule.cluster_egress_internet",
            "module.my-cluster.aws_security_group_rule.cluster_https_worker_ingress",
            "module.my-cluster.aws_security_group_rule.cluster_primary_ingress_workers",
            "module.my-cluster.aws_security_group_rule.workers_egress_internet",
            "module.my-cluster.aws_security_group_rule.workers_ingress_cluster",
            "module.my-cluster.aws_security_group_rule.workers_ingress_cluster_https",
            "module.my-cluster.aws_security_group_rule.workers_ingress_cluster_kubelet",
            "module.my-cluster.aws_security_group_rule.workers_ingress_cluster_primary",
            "module.my-cluster.aws_security_group_rule.workers_ingress_self"
          ]
        }
      ]
    },
    {
      "module": "module.my-cluster",
      "mode": "managed",
      "type": "random_pet",
      "name": "workers_launch_template",
      "each": "list",
      "provider": "provider.random",
      "instances": []
    }
  ]
}
