{
  "version": 4,
  "terraform_version": "0.12.24",
  "serial": 4,
  "lineage": "51056bd1-e6ea-4733-9110-90376abe8e31",
  "outputs": {},
  "resources": [
    {
      "mode": "managed",
      "type": "google_container_cluster",
      "name": "primary",
      "provider": "provider.google",
      "instances": [
        {
          "schema_version": 1,
          "attributes": {
            "additional_zones": [],
            "addons_config": [
              {
                "cloudrun_config": [],
                "horizontal_pod_autoscaling": [],
                "http_load_balancing": [],
                "kubernetes_dashboard": [],
                "network_policy_config": [
                  {
                    "disabled": true
                  }
                ]
              }
            ],
            "authenticator_groups_config": [],
            "cluster_autoscaling": [
              {
                "auto_provisioning_defaults": [],
                "enabled": false,
                "resource_limits": []
              }
            ],
            "cluster_ipv4_cidr": "10.16.0.0/14",
            "database_encryption": [
              {
                "key_name": "",
                "state": "DECRYPTED"
              }
            ],
            "default_max_pods_per_node": null,
            "description": "",
            "enable_binary_authorization": false,
            "enable_intranode_visibility": null,
            "enable_kubernetes_alpha": false,
            "enable_legacy_abac": false,
            "enable_shielded_nodes": false,
            "enable_tpu": null,
            "endpoint": "35.226.35.58",
            "id": "projects/first-project-283216/locations/us-central1/clusters/my-gke-cluster",
            "initial_node_count": 1,
            "instance_group_urls": [],
            "ip_allocation_policy": [],
            "label_fingerprint": "a9dc16a7",
            "location": "us-central1",
            "logging_service": "logging.googleapis.com/kubernetes",
            "maintenance_policy": [],
            "master_auth": [
              {
                "client_certificate": "",
                "client_certificate_config": [
                  {
                    "issue_client_certificate": false
                  }
                ],
                "client_key": "",
                "cluster_ca_certificate": "LS0tLS1CRUdJTiBDRVJUSUZJQ0FURS0tLS0tCk1JSURLekNDQWhPZ0F3SUJBZ0lSQUt0cDE5MUM2QUxIZEpnUllUOEwyN1F3RFFZSktvWklodmNOQVFFTEJRQXcKTHpFdE1Dc0dBMVVFQXhNa09EYzFZVGcxWXpBdE5HVTRPUzAwTVRSbExXSXhZalF0TkRNNU9XVXpaV013WkRrMwpNQjRYRFRJd01EZ3hOakEzTXpZMU0xb1hEVEkxTURneE5UQTRNelkxTTFvd0x6RXRNQ3NHQTFVRUF4TWtPRGMxCllUZzFZekF0TkdVNE9TMDBNVFJsTFdJeFlqUXRORE01T1dVelpXTXdaRGszTUlJQklqQU5CZ2txaGtpRzl3MEIKQVFFRkFBT0NBUThBTUlJQkNnS0NBUUVBazJxeUpjQXJ3aEFETWx1MFdpUjRFakMra1Q3bVFIclE2d2s3Z0YrSgp2TFNyVEVqS2pKdlYrNS9PYjJISktBRytrL2FMMkNMc1BxdDNDQkUyU2FEem1sanRjUm5BazJPQVBucmdVUFVjCi9YTjU3MnJ3clc0eDlUendMaWdPU2lLeVVFeVVvQzJadCtBdzFva3JTVjF0NVUzNFhHcys0K29nSUVBTzRpUUkKeGxCS1NuTytpQjU2cldYdXhtS1dBZ1JWOGJjMlJ4MTNxd2dyc1FpZ09jRnRlN2NkK2wwbkFZelUyT1ZtV1MzRQpnRVA4WnZad1FEVVBQd1Zzc0k2OXR3WlExdDEraFM5c3B0UUdRcy9tdmkxZWdUbnJSSU9ldTJRM3RnVWxaY2N2CjlqN1NaT1hUd2RzK0JId2dveVFqTlhySm5NUzVDV3lYcmFlREdmdWRRclBmandJREFRQUJvMEl3UURBT0JnTlYKSFE4QkFmOEVCQU1DQWdRd0R3WURWUjBUQVFIL0JBVXdBd0VCL3pBZEJnTlZIUTRFRmdRVTQ1WXoxUG5WeUwrQQpZQ3lwd3dLNVlDSzJ6a2t3RFFZSktvWklodmNOQVFFTEJRQURnZ0VCQUMzNjVOSFFubE8rVDJIVDRmYTBxdkpICmI0anRwc0wvcTNDNzl3WUJiZ01RQVU1M1NVQ29tL25uNTJacFR4WDIzVFRUVDdLcXZtZ3dhOGJUQWpTRjg0RjEKV2w3eVYvSm0zRDh4WXYxZTRtdTJmb1hyRTFBN1RNRW1EUFJBYnk3WHVkRE9kTC9jRk4zUVIzdlNmVTBuS2ZxMAo4ZHB4VnBaU2c5M0lURWZSZldDbW5PZGdFcXpwTnZlTkEvQS91Q3NkRnB5S0hxNWRaQnB6ejFuaGIvOENPR0N1CjFSRnI1bFhTbGhnRSs5MmdZUjdVMER2VU5qRWN4L00zSjlGREgyZ3dlK0Y5NzVqaDZseEx4STVCaS84RmJyNlYKOEhpNmxoMnNBYjJpVjF2eWIwME1kdTBWYUFIUGtYUUk0dXpyYy9GMnJIMnBldlozRS9YUnl1enlSUnFoYkV3PQotLS0tLUVORCBDRVJUSUZJQ0FURS0tLS0tCg==",
                "password": "",
                "username": ""
              }
            ],
            "master_authorized_networks_config": [],
            "master_version": "1.15.12-gke.2",
            "min_master_version": null,
            "monitoring_service": "monitoring.googleapis.com/kubernetes",
            "name": "my-gke-cluster",
            "network": "projects/first-project-283216/global/networks/default",
            "network_policy": [
              {
                "enabled": false,
                "provider": "PROVIDER_UNSPECIFIED"
              }
            ],
            "node_config": [],
            "node_locations": [
              "us-central1-a",
              "us-central1-b",
              "us-central1-f"
            ],
            "node_pool": [],
            "node_version": "1.15.12-gke.2",
            "operation": null,
            "pod_security_policy_config": null,
            "private_cluster_config": [],
            "project": "first-project-283216",
            "region": null,
            "remove_default_node_pool": true,
            "resource_labels": null,
            "resource_usage_export_config": [],
            "services_ipv4_cidr": "10.19.240.0/20",
            "subnetwork": "projects/first-project-283216/regions/us-central1/subnetworks/default",
            "timeouts": null,
            "vertical_pod_autoscaling": [],
            "workload_identity_config": [],
            "zone": null
          },
          "private": "eyJlMmJmYjczMC1lY2FhLTExZTYtOGY4OC0zNDM2M2JjN2M0YzAiOnsiY3JlYXRlIjoyNDAwMDAwMDAwMDAwLCJkZWxldGUiOjI0MDAwMDAwMDAwMDAsInJlYWQiOjI0MDAwMDAwMDAwMDAsInVwZGF0ZSI6MzYwMDAwMDAwMDAwMH0sInNjaGVtYV92ZXJzaW9uIjoiMSJ9"
        }
      ]
    },
    {
      "mode": "managed",
      "type": "google_container_node_pool",
      "name": "node_pool",
      "provider": "provider.google",
      "instances": [
        {
          "schema_version": 1,
          "attributes": {
            "autoscaling": [],
            "cluster": "my-gke-cluster",
            "id": "projects/first-project-283216/locations/us-central1/clusters/my-gke-cluster/nodePools/my-node-pool",
            "initial_node_count": 1,
            "instance_group_urls": [
              "https://www.googleapis.com/compute/v1/projects/first-project-283216/zones/us-central1-f/instanceGroupManagers/gke-my-gke-cluster-my-node-pool-b00626e9-grp",
              "https://www.googleapis.com/compute/v1/projects/first-project-283216/zones/us-central1-a/instanceGroupManagers/gke-my-gke-cluster-my-node-pool-739f83d0-grp",
              "https://www.googleapis.com/compute/v1/projects/first-project-283216/zones/us-central1-b/instanceGroupManagers/gke-my-gke-cluster-my-node-pool-2624a286-grp"
            ],
            "location": "us-central1",
            "management": [
              {
                "auto_repair": true,
                "auto_upgrade": true
              }
            ],
            "max_pods_per_node": null,
            "name": "my-node-pool",
            "name_prefix": "",
            "node_config": [
              {
                "disk_size_gb": 100,
                "disk_type": "pd-standard",
                "guest_accelerator": [],
                "image_type": "COS",
                "labels": {},
                "local_ssd_count": 0,
                "machine_type": "e2-medium",
                "metadata": {
                  "disable-legacy-endpoints": "true"
                },
                "min_cpu_platform": "",
                "oauth_scopes": [
                  "https://www.googleapis.com/auth/cloud-platform",
                  "https://www.googleapis.com/auth/devstorage.read_only",
                  "https://www.googleapis.com/auth/logging.write",
                  "https://www.googleapis.com/auth/monitoring",
                  "https://www.googleapis.com/auth/service.management.readonly",
                  "https://www.googleapis.com/auth/servicecontrol",
                  "https://www.googleapis.com/auth/trace.append"
                ],
                "preemptible": false,
                "sandbox_config": [],
                "service_account": "default",
                "shielded_instance_config": [
                  {
                    "enable_integrity_monitoring": true,
                    "enable_secure_boot": false
                  }
                ],
                "tags": null,
                "taint": [],
                "workload_metadata_config": []
              }
            ],
            "node_count": 1,
            "node_locations": [
              "us-central1-a",
              "us-central1-b",
              "us-central1-f"
            ],
            "project": "first-project-283216",
            "region": null,
            "timeouts": null,
            "upgrade_settings": [
              {
                "max_surge": 1,
                "max_unavailable": 0
              }
            ],
            "version": "1.15.12-gke.2",
            "zone": null
          },
          "private": "eyJlMmJmYjczMC1lY2FhLTExZTYtOGY4OC0zNDM2M2JjN2M0YzAiOnsiY3JlYXRlIjoxODAwMDAwMDAwMDAwLCJkZWxldGUiOjE4MDAwMDAwMDAwMDAsInVwZGF0ZSI6MTgwMDAwMDAwMDAwMH0sInNjaGVtYV92ZXJzaW9uIjoiMSJ9",
          "dependencies": [
            "google_container_cluster.primary"
          ]
        }
      ]
    },
    {
      "mode": "managed",
      "type": "null_resource",
      "name": "register-gke",
      "provider": "provider.null",
      "instances": [
        {
          "schema_version": 0,
          "attributes": {
            "id": "3394383211122609449",
            "triggers": {
              "node_pool": "my-node-pool"
            }
          },
          "private": "bnVsbA==",
          "dependencies": [
            "google_container_cluster.primary",
            "google_container_node_pool.node_pool"
          ]
        }
      ]
    }
  ]
}
